// !$*UTF8*$!
{
	archiveVersion = 1;
	classes = {
	};
	objectVersion = 77;
	objects = {

/* Begin PBXBuildFile section */
		0366144F13DEBBFCC70B534B /* DefaultApplicationScanner.swift in Sources */ = {isa = PBXBuildFile; fileRef = 4F9F1A20641A58578C744503 /* DefaultApplicationScanner.swift */; };
		049FCE54D6B083509F796633 /* SystemMonitor.swift in Sources */ = {isa = PBXBuildFile; fileRef = D871AD3A044CD83663CBE98A /* SystemMonitor.swift */; };
		053990544C06C632E1E0174C /* Assets.xcassets in Resources */ = {isa = PBXBuildFile; fileRef = 1418E96BDF5A6B89F5B0B1E8 /* Assets.xcassets */; };
		076DF8EBBFD0C68A851ED880 /* OrphanSafetyPolicy.swift in Sources */ = {isa = PBXBuildFile; fileRef = DD667A7FAE13DC181F6AABBA /* OrphanSafetyPolicy.swift */; };
		09E23929EDB6338877099EBD /* ManagedExtensionScanner.swift in Sources */ = {isa = PBXBuildFile; fileRef = B1AA16E65E025ACB2E14F62E /* ManagedExtensionScanner.swift */; };
		0C61E34A483F289529D7389B /* DefaultApplicationScannerTests.swift in Sources */ = {isa = PBXBuildFile; fileRef = 7EC307394BD9275BFBC56211 /* DefaultApplicationScannerTests.swift */; };
		0CD2FDCDB26FCBFCD593E280 /* AppInfoFetcher.swift in Sources */ = {isa = PBXBuildFile; fileRef = B75C675DC3AA1B04EF2A2CF7 /* AppInfoFetcher.swift */; };
		0E525884D58104DA49872183 /* PermissionCoordinator.swift in Sources */ = {isa = PBXBuildFile; fileRef = 61970EA88662406E28B1747D /* PermissionCoordinator.swift */; };
		0E898D5F71380EF98351A9B0 /* DashboardCharts.swift in Sources */ = {isa = PBXBuildFile; fileRef = 352A87A509D57FB0144CE6FF /* DashboardCharts.swift */; };
		0F622438B52EF8983B0D9DFF /* InstallationFileScanner.swift in Sources */ = {isa = PBXBuildFile; fileRef = 3760C906A5184FD91BC63743 /* InstallationFileScanner.swift */; };
		0F6927BA90E2B38C253A5B65 /* AppPermissionControllerTests.swift in Sources */ = {isa = PBXBuildFile; fileRef = 33FB9592F67F800E80A33D4F /* AppPermissionControllerTests.swift */; };
		13D56FF068CD1BC066A22484 /* DuplicateFileQuickLookController.swift in Sources */ = {isa = PBXBuildFile; fileRef = D9A577B6F90796EC5B6C8B35 /* DuplicateFileQuickLookController.swift */; };
		161AE4A0110339CA0B4F6796 /* InstallationFileControllerTests.swift in Sources */ = {isa = PBXBuildFile; fileRef = FB6CE38E70D5B4916173F3E2 /* InstallationFileControllerTests.swift */; };
		17C97B706F8E87CDCEE9A62C /* SystemMaintenanceView.swift in Sources */ = {isa = PBXBuildFile; fileRef = 220FAD9C7C09B33E0A519CCA /* SystemMaintenanceView.swift */; };
		1826E0215D21C6B59EB90795 /* EmptyStateView.swift in Sources */ = {isa = PBXBuildFile; fileRef = E26537E2129E000CA692A224 /* EmptyStateView.swift */; };
		186AAA2680A4A656A38AF883 /* DuplicateFileRemovalControllerTests.swift in Sources */ = {isa = PBXBuildFile; fileRef = 90A2D7A8A06D365E4AD166F9 /* DuplicateFileRemovalControllerTests.swift */; };
		18AEE9AEE13AD123DF20EBC8 /* InstallationFileController.swift in Sources */ = {isa = PBXBuildFile; fileRef = B09FADA2D715A584AA73C73F /* InstallationFileController.swift */; };
		201895E0E025EE32AB185BDB /* SystemResidueScanner.swift in Sources */ = {isa = PBXBuildFile; fileRef = 55BECCF949DD7D249060296A /* SystemResidueScanner.swift */; };
		210B6FA1C89F3ABDA1FDF0E9 /* StartupItemController.swift in Sources */ = {isa = PBXBuildFile; fileRef = 8282D0CC3852AC0668873FE2 /* StartupItemController.swift */; };
		21FA80D26125274272F24902 /* Sparkle in Frameworks */ = {isa = PBXBuildFile; productRef = 577A2BECD52E7D1B1E8B2DB4 /* Sparkle */; };
		2259E879FF518A98A5EE035D /* SpaceLens.swift in Sources */ = {isa = PBXBuildFile; fileRef = 44E76DE3937C0DF24B797D04 /* SpaceLens.swift */; };
		236400CC149E89786BD88E16 /* DuplicateFileScannerTests.swift in Sources */ = {isa = PBXBuildFile; fileRef = 17D90BA99650E61599876C6C /* DuplicateFileScannerTests.swift */; };
		23FD4BD50228A2CEDD7BF19D /* AppUsageAnalyzerTests.swift in Sources */ = {isa = PBXBuildFile; fileRef = 7A40FF75B7BC778F18EBAC18 /* AppUsageAnalyzerTests.swift */; };
		240AEAA4869F889CA9C55490 /* AppBundleDragHandle.swift in Sources */ = {isa = PBXBuildFile; fileRef = 68F3DFE0C8A005B6BEFA77F5 /* AppBundleDragHandle.swift */; };
		2461013A4598758B389B360A /* ExtensionsView.swift in Sources */ = {isa = PBXBuildFile; fileRef = 1804441986DD0B48B90DF14E /* ExtensionsView.swift */; };
		27C0D89B4B85B3D612DB80E1 /* TimeMachineSnapshotService.swift in Sources */ = {isa = PBXBuildFile; fileRef = F77E52B2DB075B7CB4F713C6 /* TimeMachineSnapshotService.swift */; };
		29CF70352866E1F3B052072B /* SystemTelemetry.swift in Sources */ = {isa = PBXBuildFile; fileRef = 5592E068CCF3B91DD8D271D2 /* SystemTelemetry.swift */; };
		2B5DFFAD17F48D026521C261 /* SimilarImageScanner.swift in Sources */ = {isa = PBXBuildFile; fileRef = 3D56189E0B2A6A1F122EF438 /* SimilarImageScanner.swift */; };
		2C9803F27103539135945591 /* UpdateService.swift in Sources */ = {isa = PBXBuildFile; fileRef = EC32B196F0AA1EC8F37EB5E9 /* UpdateService.swift */; };
		2CA1A17872251FDEB2B5F871 /* SpaceLensScanner.swift in Sources */ = {isa = PBXBuildFile; fileRef = 15738F9585D9AF31A31797D4 /* SpaceLensScanner.swift */; };
		2D5943D9D1E3725C40A2498A /* MenuBarMonitorView.swift in Sources */ = {isa = PBXBuildFile; fileRef = D17D0C9C1AEE84A7067E639F /* MenuBarMonitorView.swift */; };
		3065C3E5FE82286D11621C31 /* OrphanListView.swift in Sources */ = {isa = PBXBuildFile; fileRef = 5DB98BA099EC09FD4D82E3CA /* OrphanListView.swift */; };
		318FA6BB1F55FB89E8F4ACED /* AppListView.swift in Sources */ = {isa = PBXBuildFile; fileRef = ACF3FEF1F63553053B045546 /* AppListView.swift */; };
		3549B39626933FFD9B8474BD /* SystemResidueView.swift in Sources */ = {isa = PBXBuildFile; fileRef = 6882483E22A1B2AD8F4BCBD1 /* SystemResidueView.swift */; };
		359146FC3791DB735092061B /* Locations.swift in Sources */ = {isa = PBXBuildFile; fileRef = 7AD6127EE14AC22FAC3A4189 /* Locations.swift */; };
		35BCB10ACA4776B549596181 /* InstallationFilesView.swift in Sources */ = {isa = PBXBuildFile; fileRef = C90F83B629DA78E87D7CCDD6 /* InstallationFilesView.swift */; };
		35F49EB741E931F268FE1D12 /* AppUpdateScanner.swift in Sources */ = {isa = PBXBuildFile; fileRef = BB1FB492E656726397F19599 /* AppUpdateScanner.swift */; };
		39E0F3C7C8E0E80BB9E057AA /* LocalizationFilesTests.swift in Sources */ = {isa = PBXBuildFile; fileRef = 6ED9D221D44B60B2078FCCF1 /* LocalizationFilesTests.swift */; };
		3A0BF17B7B8B62B8EAE8D74C /* DashboardView.swift in Sources */ = {isa = PBXBuildFile; fileRef = 6FBA4FD9DCC5E0DDBA69BEE5 /* DashboardView.swift */; };
		3AF69EE122BCACE7263E95C4 /* TrashAppWatcher.swift in Sources */ = {isa = PBXBuildFile; fileRef = CFB096E243C4C455E57257C1 /* TrashAppWatcher.swift */; };
		3D2EF2BCF0C370FA8E38A3B9 /* AppPermissionsView.swift in Sources */ = {isa = PBXBuildFile; fileRef = 64D658AFD0CC84DF2F6BD197 /* AppPermissionsView.swift */; };
		3F2831DF101B2D72C31DED6E /* PermissionSheet.swift in Sources */ = {isa = PBXBuildFile; fileRef = 2F96BC959328497E27E3D88A /* PermissionSheet.swift */; };
		40E80DA4F66C7EBAED9DDBF1 /* AppPermissionController.swift in Sources */ = {isa = PBXBuildFile; fileRef = BAFA6A469E1DC0BF89FF76B0 /* AppPermissionController.swift */; };
		41649DB5B203854C08C76A98 /* DuplicateFileScanner.swift in Sources */ = {isa = PBXBuildFile; fileRef = 60B106552350EA85C0BBBAC2 /* DuplicateFileScanner.swift */; };
		41C6677FF58E77B7D1D94936 /* AppPermissionScanner.swift in Sources */ = {isa = PBXBuildFile; fileRef = 263D44A73B6FB9BF1CD4ECED /* AppPermissionScanner.swift */; };
		4322BA856D2A878409BB50BD /* AppFilesView.swift in Sources */ = {isa = PBXBuildFile; fileRef = 8BFCD51924F6A6FE840C8E37 /* AppFilesView.swift */; };
		43DB841A039A9CC605151BE8 /* SettingsView.swift in Sources */ = {isa = PBXBuildFile; fileRef = 2C00D22BC460D81504A9DE1F /* SettingsView.swift */; };
		474E19A9F98813919F74F427 /* Conditions.swift in Sources */ = {isa = PBXBuildFile; fileRef = BE3E54D42E806783EDA9706D /* Conditions.swift */; };
		4805E8451489347F61E09AF4 /* FullDiskAccessManager.swift in Sources */ = {isa = PBXBuildFile; fileRef = 41C29D77C7BEC4766F71A822 /* FullDiskAccessManager.swift */; };
		4F9FC3E204642B9EC0D0ACF8 /* OnboardingView.swift in Sources */ = {isa = PBXBuildFile; fileRef = 931EAADEA87EBCFF0C522DCE /* OnboardingView.swift */; };
		5125A309B64FCB59DF89D1B2 /* StartupItemScanner.swift in Sources */ = {isa = PBXBuildFile; fileRef = 2125C47B75AE2B185739469A /* StartupItemScanner.swift */; };
		519A2F55BF3F61A5DFCFB65F /* DefaultApplicationController.swift in Sources */ = {isa = PBXBuildFile; fileRef = A826ADECFFB533B9E78CA2E9 /* DefaultApplicationController.swift */; };
		525E9A3CCB4BF6728C7671CE /* AppRelationshipScannerTests.swift in Sources */ = {isa = PBXBuildFile; fileRef = EED494B4AAD7DB3CE6F0E600 /* AppRelationshipScannerTests.swift */; };
		53938A364CB0EF4980FE6327 /* ScanError.swift in Sources */ = {isa = PBXBuildFile; fileRef = B5DD8C21AC94288DDD1E59EF /* ScanError.swift */; };
		53D63B98A6ADD39AE3E44242 /* TimeMachineSnapshot.swift in Sources */ = {isa = PBXBuildFile; fileRef = 279E95F20334D453F5A7F408 /* TimeMachineSnapshot.swift */; };
		53E8829558F43C68B421B799 /* StartupItemsView.swift in Sources */ = {isa = PBXBuildFile; fileRef = 5877C76F7AEF17D85C7FEEBC /* StartupItemsView.swift */; };
		540D3FC01A4FB42DB09A5599 /* Logger.swift in Sources */ = {isa = PBXBuildFile; fileRef = 8B367C11C090ED3A764A9906 /* Logger.swift */; };
		541777088401575995B5C914 /* AppState.swift in Sources */ = {isa = PBXBuildFile; fileRef = 52E1E76D13B397BC5F0D0155 /* AppState.swift */; };
		5639C7199F639428D77048B1 /* PrivilegedAppRemovalService.swift in Sources */ = {isa = PBXBuildFile; fileRef = A2991173686FEF97C58B86EB /* PrivilegedAppRemovalService.swift */; };
		58634761FE2284F590033E4F /* CLI.swift in Sources */ = {isa = PBXBuildFile; fileRef = 0FE802EB71048EBC26F442F5 /* CLI.swift */; };
		5970A42DAAC1C7F2C5D75155 /* StartupItemControllerTests.swift in Sources */ = {isa = PBXBuildFile; fileRef = B56AF899DFCED6D7A5C63D4F /* StartupItemControllerTests.swift */; };
		603B4DD2E40F6692D0CF5FD0 /* CleaningEngine.swift in Sources */ = {isa = PBXBuildFile; fileRef = 5038DD16E48B7F9DD4D8E3AA /* CleaningEngine.swift */; };
		6098F3B08CDD9366ADB2FC88 /* SpaceLensScannerTests.swift in Sources */ = {isa = PBXBuildFile; fileRef = 9348CE7E3B33CBFBF768F0A4 /* SpaceLensScannerTests.swift */; };
		61863FFAA7CE12A9F86B778D /* AppUsageAnalyzer.swift in Sources */ = {isa = PBXBuildFile; fileRef = CD3BBE84C3873B5F1E7F6F13 /* AppUsageAnalyzer.swift */; };
		619D9A028F43BD66E865CFF6 /* Localizable.strings in Resources */ = {isa = PBXBuildFile; fileRef = 7E5DE7BE8ED3898C1DA32674 /* Localizable.strings */; };
		67B8D9D730873A4D848AB783 /* AppRelationshipScanner.swift in Sources */ = {isa = PBXBuildFile; fileRef = F673734449D90D6056DDC95A /* AppRelationshipScanner.swift */; };
		6AEBB20BEB9EF0558D730636 /* SchedulerService.swift in Sources */ = {isa = PBXBuildFile; fileRef = 333D31D4BCBE21BE6166AAAB /* SchedulerService.swift */; };
		6F6878D160010DB2A3B776B8 /* SpaceLensRemovalControllerTests.swift in Sources */ = {isa = PBXBuildFile; fileRef = 56D360B15E5BCED8954B57FA /* SpaceLensRemovalControllerTests.swift */; };
		6FAF5FFBD6D250260E987D70 /* SystemHealthRecommendations.swift in Sources */ = {isa = PBXBuildFile; fileRef = 4425C4AEA4E85A8576205D37 /* SystemHealthRecommendations.swift */; };
		719056BA52E68E622B4C69C3 /* SpaceLensTreemapLayout.swift in Sources */ = {isa = PBXBuildFile; fileRef = 98BFF5BA42BFBB50EC0DE90E /* SpaceLensTreemapLayout.swift */; };
		72713127501AAC7677C4F6A7 /* TimeMachineSnapshotsView.swift in Sources */ = {isa = PBXBuildFile; fileRef = 63BE961640A19D4B6D60DBFF /* TimeMachineSnapshotsView.swift */; };
		751717E558DD0BBD2452EA99 /* ReviewedTrashService.swift in Sources */ = {isa = PBXBuildFile; fileRef = 441AA6201C44E16C2F1AD02C /* ReviewedTrashService.swift */; };
		75E4B5EEBD21DFB7BCDE0523 /* TimeMachineSnapshotServiceTests.swift in Sources */ = {isa = PBXBuildFile; fileRef = 2AB76871F9EF35D1AE92A487 /* TimeMachineSnapshotServiceTests.swift */; };
		789C9A33B1172443ABD15BF9 /* DownloadsBySourceView.swift in Sources */ = {isa = PBXBuildFile; fileRef = EBB87504DB497853821D9D57 /* DownloadsBySourceView.swift */; };
		7935DFC25A4059F6AF2506AA /* StringNormalization.swift in Sources */ = {isa = PBXBuildFile; fileRef = 671B508961D0D6BA68139B37 /* StringNormalization.swift */; };
		79DF4F7064BA88DAE738706D /* AppConstants.swift in Sources */ = {isa = PBXBuildFile; fileRef = 194487761D92F4E426AA7325 /* AppConstants.swift */; };
		7B3509CD3D32EED884E3708A /* DownloadSourceScanner.swift in Sources */ = {isa = PBXBuildFile; fileRef = A5DED65E2F36FD98DEEA6800 /* DownloadSourceScanner.swift */; };
		7C278EF16364F8DC729B214B /* AppLanguagePreferencesTests.swift in Sources */ = {isa = PBXBuildFile; fileRef = D0A073C3986ED407E455FBEC /* AppLanguagePreferencesTests.swift */; };
		7C6D7C75CD8DEA8EC4FD61DC /* Haptics.swift in Sources */ = {isa = PBXBuildFile; fileRef = F37F6D4B7079C69EDD46A114 /* Haptics.swift */; };
		7D25729B4A04AB9602B25711 /* SimilarImageCenter.swift in Sources */ = {isa = PBXBuildFile; fileRef = 1FC29D74866CBD52D1B0497E /* SimilarImageCenter.swift */; };
		7EC586AC9D7EC06E08983985 /* Theme.swift in Sources */ = {isa = PBXBuildFile; fileRef = 4CAF64704026C2D439457DB9 /* Theme.swift */; };
		7FA811E31B9277D1C860B6E9 /* AppLanguage.swift in Sources */ = {isa = PBXBuildFile; fileRef = C685DEBA670ACCB866B187EB /* AppLanguage.swift */; };
		8639565FEA90C57920387895 /* DefaultApplicationControllerTests.swift in Sources */ = {isa = PBXBuildFile; fileRef = F61FDE5DA3391E28F692719B /* DefaultApplicationControllerTests.swift */; };
		863A215B00C80F8BA1C7CDF8 /* SimilarImagesView.swift in Sources */ = {isa = PBXBuildFile; fileRef = 16E542625CB713D85A5E3329 /* SimilarImagesView.swift */; };
		8A2C1E7BF327801A4B8BD95F /* DuplicateFileRemovalController.swift in Sources */ = {isa = PBXBuildFile; fileRef = 11369CB53AB952F5EEEF454E /* DuplicateFileRemovalController.swift */; };
		8B1C8A38900EAFBF2B05DB80 /* AppSiftApp.swift in Sources */ = {isa = PBXBuildFile; fileRef = 989315BFDDDAD9C9E201C40E /* AppSiftApp.swift */; };
		8BD7AC937843770CF30A787D /* GapFeatureLogicTests.swift in Sources */ = {isa = PBXBuildFile; fileRef = F61DB630BF6FB81D3BB88C74 /* GapFeatureLogicTests.swift */; };
		96751C937ED32869AF52E5D4 /* DuplicateFile.swift in Sources */ = {isa = PBXBuildFile; fileRef = CC997F87F1C179F01C69542B /* DuplicateFile.swift */; };
		9CA440ED1628A75C5390900B /* ConfettiView.swift in Sources */ = {isa = PBXBuildFile; fileRef = 08CABD7E91EA7C99FBE66801 /* ConfettiView.swift */; };
		A6073651C1AB69A14DF9CAF6 /* BrowserPrivacyCenter.swift in Sources */ = {isa = PBXBuildFile; fileRef = E9011AEA3D3EF7518F730B74 /* BrowserPrivacyCenter.swift */; };
		A71F0CF83F63809DE0A5C3DA /* AppTheme.swift in Sources */ = {isa = PBXBuildFile; fileRef = 155D142E8ECE92A3C69D1E72 /* AppTheme.swift */; };
		A915A61F383E8FA84DFCEB25 /* FDADemoView.swift in Sources */ = {isa = PBXBuildFile; fileRef = 64D79175FFAF343165A5F554 /* FDADemoView.swift */; };
		AD6E1872C828DB16737FB78B /* AppStateTests.swift in Sources */ = {isa = PBXBuildFile; fileRef = D1CA646DCF63E7C5737820C2 /* AppStateTests.swift */; };
		B249519DC984EAE025BE5881 /* AppUpdatesView.swift in Sources */ = {isa = PBXBuildFile; fileRef = 5A905D3959A584CF5D4BA0EB /* AppUpdatesView.swift */; };
		B30C7370EB9672CAD482AD74 /* DuplicateFilesView.swift in Sources */ = {isa = PBXBuildFile; fileRef = B720319B50F2CD67E4AA8B94 /* DuplicateFilesView.swift */; };
		B4C04C93B3FF3A7C026BC438 /* SystemAlertCenter.swift in Sources */ = {isa = PBXBuildFile; fileRef = 0F34EA292F44B66909DF568E /* SystemAlertCenter.swift */; };
		B9B9B7AB3084228CED07E4FC /* Models.swift in Sources */ = {isa = PBXBuildFile; fileRef = EC667EF43EFA3AD4BA4503DB /* Models.swift */; };
		BD982D8694E734930BECCCD3 /* DefaultApplicationsView.swift in Sources */ = {isa = PBXBuildFile; fileRef = B8DE53601622C861DC080542 /* DefaultApplicationsView.swift */; };
		C01BE092E847BC6A6BC3CD23 /* SystemMaintenanceCenter.swift in Sources */ = {isa = PBXBuildFile; fileRef = 8B8190035C0FFFCB8CA01F28 /* SystemMaintenanceCenter.swift */; };
		C4BB0C3BD7C3435670E3382D /* MacOSUpdateCenter.swift in Sources */ = {isa = PBXBuildFile; fileRef = 4E510AA6C9C8D3623089EBA2 /* MacOSUpdateCenter.swift */; };
		C6341A17D21A2FBA0003ADAC /* SystemResidueCenter.swift in Sources */ = {isa = PBXBuildFile; fileRef = 184A9D2D91F239E57A3D72B0 /* SystemResidueCenter.swift */; };
		C9E809F7CF20AB311DA1C6DF /* CategoryDetailView.swift in Sources */ = {isa = PBXBuildFile; fileRef = BF2FB5ADBAD1AFD934F50CE7 /* CategoryDetailView.swift */; };
		CBDDAA31234280FC6E7490A9 /* ManagedExtensionScannerTests.swift in Sources */ = {isa = PBXBuildFile; fileRef = EC504BCA8B0A19714F31BE53 /* ManagedExtensionScannerTests.swift */; };
		CE6A853A3AD777E99BFD538C /* SpaceLensView.swift in Sources */ = {isa = PBXBuildFile; fileRef = 6DFBF7F9C2D827828A91625E /* SpaceLensView.swift */; };
		CF775571E5211CF33D791943 /* TrashAppWatcherTests.swift in Sources */ = {isa = PBXBuildFile; fileRef = F52729DC7C65C6A3174A6739 /* TrashAppWatcherTests.swift */; };
		D189B4E5F2EA1E9DE8158D6D /* AppPathFinder.swift in Sources */ = {isa = PBXBuildFile; fileRef = 1E94CB8ECA9457FB117820CE /* AppPathFinder.swift */; };
		D239B6EC8340792CB9C798BE /* IOSBackupCenter.swift in Sources */ = {isa = PBXBuildFile; fileRef = 2892A7AFD5110A86180A3100 /* IOSBackupCenter.swift */; };
		D496AB98E65C2F3480C1AFAA /* AppearancePill.swift in Sources */ = {isa = PBXBuildFile; fileRef = 95AEBB7C1C7EE6CDEF49584E /* AppearancePill.swift */; };
		D6B3E13083163A9776E5B16F /* IOSBackupsView.swift in Sources */ = {isa = PBXBuildFile; fileRef = 1896C9DC06A305ED9C5AB9DF /* IOSBackupsView.swift */; };
		D8DED02AD6FBED7BE2F97B5C /* AppPermissionScannerTests.swift in Sources */ = {isa = PBXBuildFile; fileRef = C1A2C7ED13680A817613CEA6 /* AppPermissionScannerTests.swift */; };
		DEEA78F60925BC4168D36F1B /* MenuBarController.swift in Sources */ = {isa = PBXBuildFile; fileRef = AD7CEB35BCFD702BD6AFB320 /* MenuBarController.swift */; };
		E041434AFD3F13B2F6854F7F /* BrowserPrivacyScanner.swift in Sources */ = {isa = PBXBuildFile; fileRef = 347459138FDEC127D9250D74 /* BrowserPrivacyScanner.swift */; };
		E1A82E7A8EFB3C7F3B3E14FE /* SpaceLensRemovalController.swift in Sources */ = {isa = PBXBuildFile; fileRef = EE9E4C45E6A19D693667248A /* SpaceLensRemovalController.swift */; };
		E5CD1F2FF5BF87616197015C /* IOSBackupScanner.swift in Sources */ = {isa = PBXBuildFile; fileRef = 9473BF91E0F111DA0B5AEE62 /* IOSBackupScanner.swift */; };
		E6E8597098659B860CAB46D4 /* BrowserPrivacyView.swift in Sources */ = {isa = PBXBuildFile; fileRef = D1D4A50992FE38D9BC8CFC72 /* BrowserPrivacyView.swift */; };
		E82F3B311A45BD1B2AA191AC /* PrivilegedAppRemovalServiceTests.swift in Sources */ = {isa = PBXBuildFile; fileRef = 8A3E9BBAF299A23315739624 /* PrivilegedAppRemovalServiceTests.swift */; };
		E92C8DE7C85FE37E7E96B158 /* ScanEngine.swift in Sources */ = {isa = PBXBuildFile; fileRef = 97BEF8D725BEC6F2049C2D2A /* ScanEngine.swift */; };
		F05C608C594DFC1F3C25F43E /* MainWindow.swift in Sources */ = {isa = PBXBuildFile; fileRef = 8BAACCCA713F50A280D92966 /* MainWindow.swift */; };
		F5FC1CE55872160F480C2901 /* DownloadSourceCenter.swift in Sources */ = {isa = PBXBuildFile; fileRef = D757B65FC7B5A4E5BE4E5A5B /* DownloadSourceCenter.swift */; };
		F965AC56D41E69DA63788CBC /* SystemHealthView.swift in Sources */ = {isa = PBXBuildFile; fileRef = C3110F75B8A402DCEB58EDFA /* SystemHealthView.swift */; };
		FACE983E9B73903B1AB727E0 /* InstallationFileScannerTests.swift in Sources */ = {isa = PBXBuildFile; fileRef = DB432E83CF7434EBD53A5AB0 /* InstallationFileScannerTests.swift */; };
		FE40CD05009FFD3CB5668BB5 /* PkgReceiptInspector.swift in Sources */ = {isa = PBXBuildFile; fileRef = 75C9DFBD23861C83F2784FEB /* PkgReceiptInspector.swift */; };
/* End PBXBuildFile section */

/* Begin PBXContainerItemProxy section */
		DA9658CA0A6F5D1C4CAB12A3 /* PBXContainerItemProxy */ = {
			isa = PBXContainerItemProxy;
			containerPortal = 27C91C82C58CB61C28BAB60A /* Project object */;
			proxyType = 1;
			remoteGlobalIDString = DCF6523D7F8B2CD07CBFE4FE;
			remoteInfo = AppSift;
		};
/* End PBXContainerItemProxy section */

/* Begin PBXFileReference section */
		04D723CDFEFEB9E07711890D /* zh-Hans */ = {isa = PBXFileReference; lastKnownFileType = text.plist.strings; name = "zh-Hans"; path = "zh-Hans.lproj/Localizable.strings"; sourceTree = "<group>"; };
		08CABD7E91EA7C99FBE66801 /* ConfettiView.swift */ = {isa = PBXFileReference; lastKnownFileType = sourcecode.swift; path = ConfettiView.swift; sourceTree = "<group>"; };
		0B29228BC0E3BC9B80A8752B /* AppSift.entitlements */ = {isa = PBXFileReference; lastKnownFileType = text.plist.entitlements; path = AppSift.entitlements; sourceTree = "<group>"; };
		0F34EA292F44B66909DF568E /* SystemAlertCenter.swift */ = {isa = PBXFileReference; lastKnownFileType = sourcecode.swift; path = SystemAlertCenter.swift; sourceTree = "<group>"; };
		0FE802EB71048EBC26F442F5 /* CLI.swift */ = {isa = PBXFileReference; lastKnownFileType = sourcecode.swift; path = CLI.swift; sourceTree = "<group>"; };
		11369CB53AB952F5EEEF454E /* DuplicateFileRemovalController.swift */ = {isa = PBXFileReference; lastKnownFileType = sourcecode.swift; path = DuplicateFileRemovalController.swift; sourceTree = "<group>"; };
		1418E96BDF5A6B89F5B0B1E8 /* Assets.xcassets */ = {isa = PBXFileReference; lastKnownFileType = folder.assetcatalog; path = Assets.xcassets; sourceTree = "<group>"; };
		155D142E8ECE92A3C69D1E72 /* AppTheme.swift */ = {isa = PBXFileReference; lastKnownFileType = sourcecode.swift; path = AppTheme.swift; sourceTree = "<group>"; };
		15738F9585D9AF31A31797D4 /* SpaceLensScanner.swift */ = {isa = PBXFileReference; lastKnownFileType = sourcecode.swift; path = SpaceLensScanner.swift; sourceTree = "<group>"; };
		16E542625CB713D85A5E3329 /* SimilarImagesView.swift */ = {isa = PBXFileReference; lastKnownFileType = sourcecode.swift; path = SimilarImagesView.swift; sourceTree = "<group>"; };
		17D90BA99650E61599876C6C /* DuplicateFileScannerTests.swift */ = {isa = PBXFileReference; lastKnownFileType = sourcecode.swift; path = DuplicateFileScannerTests.swift; sourceTree = "<group>"; };
		1804441986DD0B48B90DF14E /* ExtensionsView.swift */ = {isa = PBXFileReference; lastKnownFileType = sourcecode.swift; path = ExtensionsView.swift; sourceTree = "<group>"; };
		184A9D2D91F239E57A3D72B0 /* SystemResidueCenter.swift */ = {isa = PBXFileReference; lastKnownFileType = sourcecode.swift; path = SystemResidueCenter.swift; sourceTree = "<group>"; };
		1896C9DC06A305ED9C5AB9DF /* IOSBackupsView.swift */ = {isa = PBXFileReference; lastKnownFileType = sourcecode.swift; path = IOSBackupsView.swift; sourceTree = "<group>"; };
		194487761D92F4E426AA7325 /* AppConstants.swift */ = {isa = PBXFileReference; lastKnownFileType = sourcecode.swift; path = AppConstants.swift; sourceTree = "<group>"; };
		1AF2FD633D26D48DFDCABB62 /* Info.plist */ = {isa = PBXFileReference; lastKnownFileType = text.plist; path = Info.plist; sourceTree = "<group>"; };
		1E94CB8ECA9457FB117820CE /* AppPathFinder.swift */ = {isa = PBXFileReference; lastKnownFileType = sourcecode.swift; path = AppPathFinder.swift; sourceTree = "<group>"; };
		1FC29D74866CBD52D1B0497E /* SimilarImageCenter.swift */ = {isa = PBXFileReference; lastKnownFileType = sourcecode.swift; path = SimilarImageCenter.swift; sourceTree = "<group>"; };
		2125C47B75AE2B185739469A /* StartupItemScanner.swift */ = {isa = PBXFileReference; lastKnownFileType = sourcecode.swift; path = StartupItemScanner.swift; sourceTree = "<group>"; };
		220FAD9C7C09B33E0A519CCA /* SystemMaintenanceView.swift */ = {isa = PBXFileReference; lastKnownFileType = sourcecode.swift; path = SystemMaintenanceView.swift; sourceTree = "<group>"; };
		263D44A73B6FB9BF1CD4ECED /* AppPermissionScanner.swift */ = {isa = PBXFileReference; lastKnownFileType = sourcecode.swift; path = AppPermissionScanner.swift; sourceTree = "<group>"; };
		279E95F20334D453F5A7F408 /* TimeMachineSnapshot.swift */ = {isa = PBXFileReference; lastKnownFileType = sourcecode.swift; path = TimeMachineSnapshot.swift; sourceTree = "<group>"; };
		2892A7AFD5110A86180A3100 /* IOSBackupCenter.swift */ = {isa = PBXFileReference; lastKnownFileType = sourcecode.swift; path = IOSBackupCenter.swift; sourceTree = "<group>"; };
		2AB76871F9EF35D1AE92A487 /* TimeMachineSnapshotServiceTests.swift */ = {isa = PBXFileReference; lastKnownFileType = sourcecode.swift; path = TimeMachineSnapshotServiceTests.swift; sourceTree = "<group>"; };
		2C00D22BC460D81504A9DE1F /* SettingsView.swift */ = {isa = PBXFileReference; lastKnownFileType = sourcecode.swift; path = SettingsView.swift; sourceTree = "<group>"; };
		2F96BC959328497E27E3D88A /* PermissionSheet.swift */ = {isa = PBXFileReference; lastKnownFileType = sourcecode.swift; path = PermissionSheet.swift; sourceTree = "<group>"; };
		333D31D4BCBE21BE6166AAAB /* SchedulerService.swift */ = {isa = PBXFileReference; lastKnownFileType = sourcecode.swift; path = SchedulerService.swift; sourceTree = "<group>"; };
		33FB9592F67F800E80A33D4F /* AppPermissionControllerTests.swift */ = {isa = PBXFileReference; lastKnownFileType = sourcecode.swift; path = AppPermissionControllerTests.swift; sourceTree = "<group>"; };
		347459138FDEC127D9250D74 /* BrowserPrivacyScanner.swift */ = {isa = PBXFileReference; lastKnownFileType = sourcecode.swift; path = BrowserPrivacyScanner.swift; sourceTree = "<group>"; };
		352A87A509D57FB0144CE6FF /* DashboardCharts.swift */ = {isa = PBXFileReference; lastKnownFileType = sourcecode.swift; path = DashboardCharts.swift; sourceTree = "<group>"; };
		37565E55684D3CC6B71BA2A6 /* AppSiftTests.xctest */ = {isa = PBXFileReference; explicitFileType = wrapper.cfbundle; includeInIndex = 0; path = AppSiftTests.xctest; sourceTree = BUILT_PRODUCTS_DIR; };
		3760C906A5184FD91BC63743 /* InstallationFileScanner.swift */ = {isa = PBXFileReference; lastKnownFileType = sourcecode.swift; path = InstallationFileScanner.swift; sourceTree = "<group>"; };
		3A784944BCB4234A13C8EB78 /* ja */ = {isa = PBXFileReference; lastKnownFileType = text.plist.strings; name = ja; path = ja.lproj/Localizable.strings; sourceTree = "<group>"; };
		3C4AB374A44FFEF88AFC619B /* zh-Hant */ = {isa = PBXFileReference; lastKnownFileType = text.plist.strings; name = "zh-Hant"; path = "zh-Hant.lproj/Localizable.strings"; sourceTree = "<group>"; };
		3D56189E0B2A6A1F122EF438 /* SimilarImageScanner.swift */ = {isa = PBXFileReference; lastKnownFileType = sourcecode.swift; path = SimilarImageScanner.swift; sourceTree = "<group>"; };
		3F70F9C72B8C4B6FC4E05323 /* ar */ = {isa = PBXFileReference; lastKnownFileType = text.plist.strings; name = ar; path = ar.lproj/Localizable.strings; sourceTree = "<group>"; };
		41C29D77C7BEC4766F71A822 /* FullDiskAccessManager.swift */ = {isa = PBXFileReference; lastKnownFileType = sourcecode.swift; path = FullDiskAccessManager.swift; sourceTree = "<group>"; };
		441AA6201C44E16C2F1AD02C /* ReviewedTrashService.swift */ = {isa = PBXFileReference; lastKnownFileType = sourcecode.swift; path = ReviewedTrashService.swift; sourceTree = "<group>"; };
		4425C4AEA4E85A8576205D37 /* SystemHealthRecommendations.swift */ = {isa = PBXFileReference; lastKnownFileType = sourcecode.swift; path = SystemHealthRecommendations.swift; sourceTree = "<group>"; };
		44E76DE3937C0DF24B797D04 /* SpaceLens.swift */ = {isa = PBXFileReference; lastKnownFileType = sourcecode.swift; path = SpaceLens.swift; sourceTree = "<group>"; };
		4CAF64704026C2D439457DB9 /* Theme.swift */ = {isa = PBXFileReference; lastKnownFileType = sourcecode.swift; path = Theme.swift; sourceTree = "<group>"; };
		4E510AA6C9C8D3623089EBA2 /* MacOSUpdateCenter.swift */ = {isa = PBXFileReference; lastKnownFileType = sourcecode.swift; path = MacOSUpdateCenter.swift; sourceTree = "<group>"; };
		4F9F1A20641A58578C744503 /* DefaultApplicationScanner.swift */ = {isa = PBXFileReference; lastKnownFileType = sourcecode.swift; path = DefaultApplicationScanner.swift; sourceTree = "<group>"; };
		5038DD16E48B7F9DD4D8E3AA /* CleaningEngine.swift */ = {isa = PBXFileReference; lastKnownFileType = sourcecode.swift; path = CleaningEngine.swift; sourceTree = "<group>"; };
		52E1E76D13B397BC5F0D0155 /* AppState.swift */ = {isa = PBXFileReference; lastKnownFileType = sourcecode.swift; path = AppState.swift; sourceTree = "<group>"; };
		5592E068CCF3B91DD8D271D2 /* SystemTelemetry.swift */ = {isa = PBXFileReference; lastKnownFileType = sourcecode.swift; path = SystemTelemetry.swift; sourceTree = "<group>"; };
		55BECCF949DD7D249060296A /* SystemResidueScanner.swift */ = {isa = PBXFileReference; lastKnownFileType = sourcecode.swift; path = SystemResidueScanner.swift; sourceTree = "<group>"; };
		56D360B15E5BCED8954B57FA /* SpaceLensRemovalControllerTests.swift */ = {isa = PBXFileReference; lastKnownFileType = sourcecode.swift; path = SpaceLensRemovalControllerTests.swift; sourceTree = "<group>"; };
		5877C76F7AEF17D85C7FEEBC /* StartupItemsView.swift */ = {isa = PBXFileReference; lastKnownFileType = sourcecode.swift; path = StartupItemsView.swift; sourceTree = "<group>"; };
		5A905D3959A584CF5D4BA0EB /* AppUpdatesView.swift */ = {isa = PBXFileReference; lastKnownFileType = sourcecode.swift; path = AppUpdatesView.swift; sourceTree = "<group>"; };
		5DB98BA099EC09FD4D82E3CA /* OrphanListView.swift */ = {isa = PBXFileReference; lastKnownFileType = sourcecode.swift; path = OrphanListView.swift; sourceTree = "<group>"; };
		60B106552350EA85C0BBBAC2 /* DuplicateFileScanner.swift */ = {isa = PBXFileReference; lastKnownFileType = sourcecode.swift; path = DuplicateFileScanner.swift; sourceTree = "<group>"; };
		61970EA88662406E28B1747D /* PermissionCoordinator.swift */ = {isa = PBXFileReference; lastKnownFileType = sourcecode.swift; path = PermissionCoordinator.swift; sourceTree = "<group>"; };
		63BE961640A19D4B6D60DBFF /* TimeMachineSnapshotsView.swift */ = {isa = PBXFileReference; lastKnownFileType = sourcecode.swift; path = TimeMachineSnapshotsView.swift; sourceTree = "<group>"; };
		64D658AFD0CC84DF2F6BD197 /* AppPermissionsView.swift */ = {isa = PBXFileReference; lastKnownFileType = sourcecode.swift; path = AppPermissionsView.swift; sourceTree = "<group>"; };
		64D79175FFAF343165A5F554 /* FDADemoView.swift */ = {isa = PBXFileReference; lastKnownFileType = sourcecode.swift; path = FDADemoView.swift; sourceTree = "<group>"; };
		671B508961D0D6BA68139B37 /* StringNormalization.swift */ = {isa = PBXFileReference; lastKnownFileType = sourcecode.swift; path = StringNormalization.swift; sourceTree = "<group>"; };
		6882483E22A1B2AD8F4BCBD1 /* SystemResidueView.swift */ = {isa = PBXFileReference; lastKnownFileType = sourcecode.swift; path = SystemResidueView.swift; sourceTree = "<group>"; };
		68F3DFE0C8A005B6BEFA77F5 /* AppBundleDragHandle.swift */ = {isa = PBXFileReference; lastKnownFileType = sourcecode.swift; path = AppBundleDragHandle.swift; sourceTree = "<group>"; };
		6DFBF7F9C2D827828A91625E /* SpaceLensView.swift */ = {isa = PBXFileReference; lastKnownFileType = sourcecode.swift; path = SpaceLensView.swift; sourceTree = "<group>"; };
		6ED9D221D44B60B2078FCCF1 /* LocalizationFilesTests.swift */ = {isa = PBXFileReference; lastKnownFileType = sourcecode.swift; path = LocalizationFilesTests.swift; sourceTree = "<group>"; };
		6FBA4FD9DCC5E0DDBA69BEE5 /* DashboardView.swift */ = {isa = PBXFileReference; lastKnownFileType = sourcecode.swift; path = DashboardView.swift; sourceTree = "<group>"; };
		75C9DFBD23861C83F2784FEB /* PkgReceiptInspector.swift */ = {isa = PBXFileReference; lastKnownFileType = sourcecode.swift; path = PkgReceiptInspector.swift; sourceTree = "<group>"; };
		789B46541D86E3F191EF8161 /* AppSift.app */ = {isa = PBXFileReference; explicitFileType = wrapper.application; includeInIndex = 0; path = AppSift.app; sourceTree = BUILT_PRODUCTS_DIR; };
		790775C7E93A1F2FC9320FD0 /* en */ = {isa = PBXFileReference; lastKnownFileType = text.plist.strings; name = en; path = en.lproj/Localizable.strings; sourceTree = "<group>"; };
		7A40FF75B7BC778F18EBAC18 /* AppUsageAnalyzerTests.swift */ = {isa = PBXFileReference; lastKnownFileType = sourcecode.swift; path = AppUsageAnalyzerTests.swift; sourceTree = "<group>"; };
		7AD6127EE14AC22FAC3A4189 /* Locations.swift */ = {isa = PBXFileReference; lastKnownFileType = sourcecode.swift; path = Locations.swift; sourceTree = "<group>"; };
		7EC307394BD9275BFBC56211 /* DefaultApplicationScannerTests.swift */ = {isa = PBXFileReference; lastKnownFileType = sourcecode.swift; path = DefaultApplicationScannerTests.swift; sourceTree = "<group>"; };
		8282D0CC3852AC0668873FE2 /* StartupItemController.swift */ = {isa = PBXFileReference; lastKnownFileType = sourcecode.swift; path = StartupItemController.swift; sourceTree = "<group>"; };
		8A3E9BBAF299A23315739624 /* PrivilegedAppRemovalServiceTests.swift */ = {isa = PBXFileReference; lastKnownFileType = sourcecode.swift; path = PrivilegedAppRemovalServiceTests.swift; sourceTree = "<group>"; };
		8B367C11C090ED3A764A9906 /* Logger.swift */ = {isa = PBXFileReference; lastKnownFileType = sourcecode.swift; path = Logger.swift; sourceTree = "<group>"; };
		8B8190035C0FFFCB8CA01F28 /* SystemMaintenanceCenter.swift */ = {isa = PBXFileReference; lastKnownFileType = sourcecode.swift; path = SystemMaintenanceCenter.swift; sourceTree = "<group>"; };
		8BAACCCA713F50A280D92966 /* MainWindow.swift */ = {isa = PBXFileReference; lastKnownFileType = sourcecode.swift; path = MainWindow.swift; sourceTree = "<group>"; };
		8BFCD51924F6A6FE840C8E37 /* AppFilesView.swift */ = {isa = PBXFileReference; lastKnownFileType = sourcecode.swift; path = AppFilesView.swift; sourceTree = "<group>"; };
		90A2D7A8A06D365E4AD166F9 /* DuplicateFileRemovalControllerTests.swift */ = {isa = PBXFileReference; lastKnownFileType = sourcecode.swift; path = DuplicateFileRemovalControllerTests.swift; sourceTree = "<group>"; };
		931EAADEA87EBCFF0C522DCE /* OnboardingView.swift */ = {isa = PBXFileReference; lastKnownFileType = sourcecode.swift; path = OnboardingView.swift; sourceTree = "<group>"; };
		9348CE7E3B33CBFBF768F0A4 /* SpaceLensScannerTests.swift */ = {isa = PBXFileReference; lastKnownFileType = sourcecode.swift; path = SpaceLensScannerTests.swift; sourceTree = "<group>"; };
		9473BF91E0F111DA0B5AEE62 /* IOSBackupScanner.swift */ = {isa = PBXFileReference; lastKnownFileType = sourcecode.swift; path = IOSBackupScanner.swift; sourceTree = "<group>"; };
		95AEBB7C1C7EE6CDEF49584E /* AppearancePill.swift */ = {isa = PBXFileReference; lastKnownFileType = sourcecode.swift; path = AppearancePill.swift; sourceTree = "<group>"; };
		97BEF8D725BEC6F2049C2D2A /* ScanEngine.swift */ = {isa = PBXFileReference; lastKnownFileType = sourcecode.swift; path = ScanEngine.swift; sourceTree = "<group>"; };
		989315BFDDDAD9C9E201C40E /* AppSiftApp.swift */ = {isa = PBXFileReference; lastKnownFileType = sourcecode.swift; path = AppSiftApp.swift; sourceTree = "<group>"; };
		98BFF5BA42BFBB50EC0DE90E /* SpaceLensTreemapLayout.swift */ = {isa = PBXFileReference; lastKnownFileType = sourcecode.swift; path = SpaceLensTreemapLayout.swift; sourceTree = "<group>"; };
		A218E81563EC8F42E333E6BF /* es */ = {isa = PBXFileReference; lastKnownFileType = text.plist.strings; name = es; path = es.lproj/Localizable.strings; sourceTree = "<group>"; };
		A2991173686FEF97C58B86EB /* PrivilegedAppRemovalService.swift */ = {isa = PBXFileReference; lastKnownFileType = sourcecode.swift; path = PrivilegedAppRemovalService.swift; sourceTree = "<group>"; };
		A5DED65E2F36FD98DEEA6800 /* DownloadSourceScanner.swift */ = {isa = PBXFileReference; lastKnownFileType = sourcecode.swift; path = DownloadSourceScanner.swift; sourceTree = "<group>"; };
		A826ADECFFB533B9E78CA2E9 /* DefaultApplicationController.swift */ = {isa = PBXFileReference; lastKnownFileType = sourcecode.swift; path = DefaultApplicationController.swift; sourceTree = "<group>"; };
		ACF3FEF1F63553053B045546 /* AppListView.swift */ = {isa = PBXFileReference; lastKnownFileType = sourcecode.swift; path = AppListView.swift; sourceTree = "<group>"; };
		AD7CEB35BCFD702BD6AFB320 /* MenuBarController.swift */ = {isa = PBXFileReference; lastKnownFileType = sourcecode.swift; path = MenuBarController.swift; sourceTree = "<group>"; };
		B09FADA2D715A584AA73C73F /* InstallationFileController.swift */ = {isa = PBXFileReference; lastKnownFileType = sourcecode.swift; path = InstallationFileController.swift; sourceTree = "<group>"; };
		B1AA16E65E025ACB2E14F62E /* ManagedExtensionScanner.swift */ = {isa = PBXFileReference; lastKnownFileType = sourcecode.swift; path = ManagedExtensionScanner.swift; sourceTree = "<group>"; };
		B56AF899DFCED6D7A5C63D4F /* StartupItemControllerTests.swift */ = {isa = PBXFileReference; lastKnownFileType = sourcecode.swift; path = StartupItemControllerTests.swift; sourceTree = "<group>"; };
		B5DD8C21AC94288DDD1E59EF /* ScanError.swift */ = {isa = PBXFileReference; lastKnownFileType = sourcecode.swift; path = ScanError.swift; sourceTree = "<group>"; };
		B720319B50F2CD67E4AA8B94 /* DuplicateFilesView.swift */ = {isa = PBXFileReference; lastKnownFileType = sourcecode.swift; path = DuplicateFilesView.swift; sourceTree = "<group>"; };
		B75C675DC3AA1B04EF2A2CF7 /* AppInfoFetcher.swift */ = {isa = PBXFileReference; lastKnownFileType = sourcecode.swift; path = AppInfoFetcher.swift; sourceTree = "<group>"; };
		B8DE53601622C861DC080542 /* DefaultApplicationsView.swift */ = {isa = PBXFileReference; lastKnownFileType = sourcecode.swift; path = DefaultApplicationsView.swift; sourceTree = "<group>"; };
		BAFA6A469E1DC0BF89FF76B0 /* AppPermissionController.swift */ = {isa = PBXFileReference; lastKnownFileType = sourcecode.swift; path = AppPermissionController.swift; sourceTree = "<group>"; };
		BB1FB492E656726397F19599 /* AppUpdateScanner.swift */ = {isa = PBXFileReference; lastKnownFileType = sourcecode.swift; path = AppUpdateScanner.swift; sourceTree = "<group>"; };
		BE3E54D42E806783EDA9706D /* Conditions.swift */ = {isa = PBXFileReference; lastKnownFileType = sourcecode.swift; path = Conditions.swift; sourceTree = "<group>"; };
		BF2FB5ADBAD1AFD934F50CE7 /* CategoryDetailView.swift */ = {isa = PBXFileReference; lastKnownFileType = sourcecode.swift; path = CategoryDetailView.swift; sourceTree = "<group>"; };
		C1A2C7ED13680A817613CEA6 /* AppPermissionScannerTests.swift */ = {isa = PBXFileReference; lastKnownFileType = sourcecode.swift; path = AppPermissionScannerTests.swift; sourceTree = "<group>"; };
		C3110F75B8A402DCEB58EDFA /* SystemHealthView.swift */ = {isa = PBXFileReference; lastKnownFileType = sourcecode.swift; path = SystemHealthView.swift; sourceTree = "<group>"; };
		C6121E109E99C52794A5D661 /* pt-BR */ = {isa = PBXFileReference; lastKnownFileType = text.plist.strings; name = "pt-BR"; path = "pt-BR.lproj/Localizable.strings"; sourceTree = "<group>"; };
		C685DEBA670ACCB866B187EB /* AppLanguage.swift */ = {isa = PBXFileReference; lastKnownFileType = sourcecode.swift; path = AppLanguage.swift; sourceTree = "<group>"; };
		C90F83B629DA78E87D7CCDD6 /* InstallationFilesView.swift */ = {isa = PBXFileReference; lastKnownFileType = sourcecode.swift; path = InstallationFilesView.swift; sourceTree = "<group>"; };
		CC997F87F1C179F01C69542B /* DuplicateFile.swift */ = {isa = PBXFileReference; lastKnownFileType = sourcecode.swift; path = DuplicateFile.swift; sourceTree = "<group>"; };
		CD3BBE84C3873B5F1E7F6F13 /* AppUsageAnalyzer.swift */ = {isa = PBXFileReference; lastKnownFileType = sourcecode.swift; path = AppUsageAnalyzer.swift; sourceTree = "<group>"; };
		CFB096E243C4C455E57257C1 /* TrashAppWatcher.swift */ = {isa = PBXFileReference; lastKnownFileType = sourcecode.swift; path = TrashAppWatcher.swift; sourceTree = "<group>"; };
		D0A073C3986ED407E455FBEC /* AppLanguagePreferencesTests.swift */ = {isa = PBXFileReference; lastKnownFileType = sourcecode.swift; path = AppLanguagePreferencesTests.swift; sourceTree = "<group>"; };
		D17D0C9C1AEE84A7067E639F /* MenuBarMonitorView.swift */ = {isa = PBXFileReference; lastKnownFileType = sourcecode.swift; path = MenuBarMonitorView.swift; sourceTree = "<group>"; };
		D1CA646DCF63E7C5737820C2 /* AppStateTests.swift */ = {isa = PBXFileReference; lastKnownFileType = sourcecode.swift; path = AppStateTests.swift; sourceTree = "<group>"; };
		D1D4A50992FE38D9BC8CFC72 /* BrowserPrivacyView.swift */ = {isa = PBXFileReference; lastKnownFileType = sourcecode.swift; path = BrowserPrivacyView.swift; sourceTree = "<group>"; };
		D757B65FC7B5A4E5BE4E5A5B /* DownloadSourceCenter.swift */ = {isa = PBXFileReference; lastKnownFileType = sourcecode.swift; path = DownloadSourceCenter.swift; sourceTree = "<group>"; };
		D871AD3A044CD83663CBE98A /* SystemMonitor.swift */ = {isa = PBXFileReference; lastKnownFileType = sourcecode.swift; path = SystemMonitor.swift; sourceTree = "<group>"; };
		D9A577B6F90796EC5B6C8B35 /* DuplicateFileQuickLookController.swift */ = {isa = PBXFileReference; lastKnownFileType = sourcecode.swift; path = DuplicateFileQuickLookController.swift; sourceTree = "<group>"; };
		DB432E83CF7434EBD53A5AB0 /* InstallationFileScannerTests.swift */ = {isa = PBXFileReference; lastKnownFileType = sourcecode.swift; path = InstallationFileScannerTests.swift; sourceTree = "<group>"; };
		DD667A7FAE13DC181F6AABBA /* OrphanSafetyPolicy.swift */ = {isa = PBXFileReference; lastKnownFileType = sourcecode.swift; path = OrphanSafetyPolicy.swift; sourceTree = "<group>"; };
		E26537E2129E000CA692A224 /* EmptyStateView.swift */ = {isa = PBXFileReference; lastKnownFileType = sourcecode.swift; path = EmptyStateView.swift; sourceTree = "<group>"; };
		E9011AEA3D3EF7518F730B74 /* BrowserPrivacyCenter.swift */ = {isa = PBXFileReference; lastKnownFileType = sourcecode.swift; path = BrowserPrivacyCenter.swift; sourceTree = "<group>"; };
		EBB87504DB497853821D9D57 /* DownloadsBySourceView.swift */ = {isa = PBXFileReference; lastKnownFileType = sourcecode.swift; path = DownloadsBySourceView.swift; sourceTree = "<group>"; };
		EC32B196F0AA1EC8F37EB5E9 /* UpdateService.swift */ = {isa = PBXFileReference; lastKnownFileType = sourcecode.swift; path = UpdateService.swift; sourceTree = "<group>"; };
		EC504BCA8B0A19714F31BE53 /* ManagedExtensionScannerTests.swift */ = {isa = PBXFileReference; lastKnownFileType = sourcecode.swift; path = ManagedExtensionScannerTests.swift; sourceTree = "<group>"; };
		EC667EF43EFA3AD4BA4503DB /* Models.swift */ = {isa = PBXFileReference; lastKnownFileType = sourcecode.swift; path = Models.swift; sourceTree = "<group>"; };
		EE9E4C45E6A19D693667248A /* SpaceLensRemovalController.swift */ = {isa = PBXFileReference; lastKnownFileType = sourcecode.swift; path = SpaceLensRemovalController.swift; sourceTree = "<group>"; };
		EED494B4AAD7DB3CE6F0E600 /* AppRelationshipScannerTests.swift */ = {isa = PBXFileReference; lastKnownFileType = sourcecode.swift; path = AppRelationshipScannerTests.swift; sourceTree = "<group>"; };
		F37F6D4B7079C69EDD46A114 /* Haptics.swift */ = {isa = PBXFileReference; lastKnownFileType = sourcecode.swift; path = Haptics.swift; sourceTree = "<group>"; };
		F52729DC7C65C6A3174A6739 /* TrashAppWatcherTests.swift */ = {isa = PBXFileReference; lastKnownFileType = sourcecode.swift; path = TrashAppWatcherTests.swift; sourceTree = "<group>"; };
		F61DB630BF6FB81D3BB88C74 /* GapFeatureLogicTests.swift */ = {isa = PBXFileReference; lastKnownFileType = sourcecode.swift; path = GapFeatureLogicTests.swift; sourceTree = "<group>"; };
		F61FDE5DA3391E28F692719B /* DefaultApplicationControllerTests.swift */ = {isa = PBXFileReference; lastKnownFileType = sourcecode.swift; path = DefaultApplicationControllerTests.swift; sourceTree = "<group>"; };
		F673734449D90D6056DDC95A /* AppRelationshipScanner.swift */ = {isa = PBXFileReference; lastKnownFileType = sourcecode.swift; path = AppRelationshipScanner.swift; sourceTree = "<group>"; };
		F77E52B2DB075B7CB4F713C6 /* TimeMachineSnapshotService.swift */ = {isa = PBXFileReference; lastKnownFileType = sourcecode.swift; path = TimeMachineSnapshotService.swift; sourceTree = "<group>"; };
		FB6CE38E70D5B4916173F3E2 /* InstallationFileControllerTests.swift */ = {isa = PBXFileReference; lastKnownFileType = sourcecode.swift; path = InstallationFileControllerTests.swift; sourceTree = "<group>"; };
/* End PBXFileReference section */

/* Begin PBXFrameworksBuildPhase section */
		9169827585C1013F96412013 /* Frameworks */ = {
			isa = PBXFrameworksBuildPhase;
			buildActionMask = 2147483647;
			files = (
				21FA80D26125274272F24902 /* Sparkle in Frameworks */,
			);
			runOnlyForDeploymentPostprocessing = 0;
		};
/* End PBXFrameworksBuildPhase section */

/* Begin PBXGroup section */
		0D0B0A50884E9C283ECADA66 /* Models */ = {
			isa = PBXGroup;
			children = (
				C685DEBA670ACCB866B187EB /* AppLanguage.swift */,
				CC997F87F1C179F01C69542B /* DuplicateFile.swift */,
				EC667EF43EFA3AD4BA4503DB /* Models.swift */,
				B5DD8C21AC94288DDD1E59EF /* ScanError.swift */,
				44E76DE3937C0DF24B797D04 /* SpaceLens.swift */,
				279E95F20334D453F5A7F408 /* TimeMachineSnapshot.swift */,
			);
			path = Models;
			sourceTree = "<group>";
		};
		2046302448E9AB809A83D730 /* Extensions */ = {
			isa = PBXGroup;
			children = (
				4CAF64704026C2D439457DB9 /* Theme.swift */,
			);
			path = Extensions;
			sourceTree = "<group>";
		};
		23298B4936DB7E6F76F761BC /* Orphans */ = {
			isa = PBXGroup;
			children = (
				5DB98BA099EC09FD4D82E3CA /* OrphanListView.swift */,
			);
			path = Orphans;
			sourceTree = "<group>";
		};
		41458AEDF08BC5A4B88A501D /* Views */ = {
			isa = PBXGroup;
			children = (
				D1D4A50992FE38D9BC8CFC72 /* BrowserPrivacyView.swift */,
				BF2FB5ADBAD1AFD934F50CE7 /* CategoryDetailView.swift */,
				6FBA4FD9DCC5E0DDBA69BEE5 /* DashboardView.swift */,
				EBB87504DB497853821D9D57 /* DownloadsBySourceView.swift */,
				B720319B50F2CD67E4AA8B94 /* DuplicateFilesView.swift */,
				1896C9DC06A305ED9C5AB9DF /* IOSBackupsView.swift */,
				8BAACCCA713F50A280D92966 /* MainWindow.swift */,
				931EAADEA87EBCFF0C522DCE /* OnboardingView.swift */,
				16E542625CB713D85A5E3329 /* SimilarImagesView.swift */,
				6DFBF7F9C2D827828A91625E /* SpaceLensView.swift */,
				C3110F75B8A402DCEB58EDFA /* SystemHealthView.swift */,
				220FAD9C7C09B33E0A519CCA /* SystemMaintenanceView.swift */,
				6882483E22A1B2AD8F4BCBD1 /* SystemResidueView.swift */,
				63BE961640A19D4B6D60DBFF /* TimeMachineSnapshotsView.swift */,
				C5B8E23DF279CA11577B8A17 /* Apps */,
				CBCC3D4B4EB89A5DC4312EE2 /* Components */,
				23298B4936DB7E6F76F761BC /* Orphans */,
				FB0308655CFC5BB8B96E49AB /* Settings */,
			);
			path = Views;
			sourceTree = "<group>";
		};
		83E55F9A5F8AD91481EBF398 /* Scanning */ = {
			isa = PBXGroup;
			children = (
				B75C675DC3AA1B04EF2A2CF7 /* AppInfoFetcher.swift */,
				1E94CB8ECA9457FB117820CE /* AppPathFinder.swift */,
				263D44A73B6FB9BF1CD4ECED /* AppPermissionScanner.swift */,
				F673734449D90D6056DDC95A /* AppRelationshipScanner.swift */,
				BB1FB492E656726397F19599 /* AppUpdateScanner.swift */,
				CD3BBE84C3873B5F1E7F6F13 /* AppUsageAnalyzer.swift */,
				347459138FDEC127D9250D74 /* BrowserPrivacyScanner.swift */,
				BE3E54D42E806783EDA9706D /* Conditions.swift */,
				4F9F1A20641A58578C744503 /* DefaultApplicationScanner.swift */,
				A5DED65E2F36FD98DEEA6800 /* DownloadSourceScanner.swift */,
				60B106552350EA85C0BBBAC2 /* DuplicateFileScanner.swift */,
				3760C906A5184FD91BC63743 /* InstallationFileScanner.swift */,
				9473BF91E0F111DA0B5AEE62 /* IOSBackupScanner.swift */,
				7AD6127EE14AC22FAC3A4189 /* Locations.swift */,
				B1AA16E65E025ACB2E14F62E /* ManagedExtensionScanner.swift */,
				75C9DFBD23861C83F2784FEB /* PkgReceiptInspector.swift */,
				3D56189E0B2A6A1F122EF438 /* SimilarImageScanner.swift */,
				15738F9585D9AF31A31797D4 /* SpaceLensScanner.swift */,
				8282D0CC3852AC0668873FE2 /* StartupItemController.swift */,
				2125C47B75AE2B185739469A /* StartupItemScanner.swift */,
				671B508961D0D6BA68139B37 /* StringNormalization.swift */,
				55BECCF949DD7D249060296A /* SystemResidueScanner.swift */,
			);
			path = Scanning;
			sourceTree = "<group>";
		};
		941E8A877281DF7817864CC9 /* Utilities */ = {
			isa = PBXGroup;
			children = (
				0FE802EB71048EBC26F442F5 /* CLI.swift */,
				8B367C11C090ED3A764A9906 /* Logger.swift */,
				DD667A7FAE13DC181F6AABBA /* OrphanSafetyPolicy.swift */,
				98BFF5BA42BFBB50EC0DE90E /* SpaceLensTreemapLayout.swift */,
			);
			path = Utilities;
			sourceTree = "<group>";
		};
		96315CFD85A7C651BEB32E9E /* Core */ = {
			isa = PBXGroup;
			children = (
				194487761D92F4E426AA7325 /* AppConstants.swift */,
			);
			path = Core;
			sourceTree = "<group>";
		};
		A1818ED0F93E75A6CC49AD5A /* Logic */ = {
			isa = PBXGroup;
			children = (
				83E55F9A5F8AD91481EBF398 /* Scanning */,
				941E8A877281DF7817864CC9 /* Utilities */,
			);
			path = Logic;
			sourceTree = "<group>";
		};
		A32922BC2419E2609401C438 /* Products */ = {
			isa = PBXGroup;
			children = (
				789B46541D86E3F191EF8161 /* AppSift.app */,
				37565E55684D3CC6B71BA2A6 /* AppSiftTests.xctest */,
			);
			name = Products;
			sourceTree = "<group>";
		};
		A499E38606057C6291937C59 /* ViewModels */ = {
			isa = PBXGroup;
			children = (
				52E1E76D13B397BC5F0D0155 /* AppState.swift */,
			);
			path = ViewModels;
			sourceTree = "<group>";
		};
		B8C7CC7E5091B496A54BFBF8 /* AppSiftTests */ = {
			isa = PBXGroup;
			children = (
				D0A073C3986ED407E455FBEC /* AppLanguagePreferencesTests.swift */,
				33FB9592F67F800E80A33D4F /* AppPermissionControllerTests.swift */,
				C1A2C7ED13680A817613CEA6 /* AppPermissionScannerTests.swift */,
				EED494B4AAD7DB3CE6F0E600 /* AppRelationshipScannerTests.swift */,
				D1CA646DCF63E7C5737820C2 /* AppStateTests.swift */,
				7A40FF75B7BC778F18EBAC18 /* AppUsageAnalyzerTests.swift */,
				F61FDE5DA3391E28F692719B /* DefaultApplicationControllerTests.swift */,
				7EC307394BD9275BFBC56211 /* DefaultApplicationScannerTests.swift */,
				90A2D7A8A06D365E4AD166F9 /* DuplicateFileRemovalControllerTests.swift */,
				17D90BA99650E61599876C6C /* DuplicateFileScannerTests.swift */,
				F61DB630BF6FB81D3BB88C74 /* GapFeatureLogicTests.swift */,
				FB6CE38E70D5B4916173F3E2 /* InstallationFileControllerTests.swift */,
				DB432E83CF7434EBD53A5AB0 /* InstallationFileScannerTests.swift */,
				6ED9D221D44B60B2078FCCF1 /* LocalizationFilesTests.swift */,
				EC504BCA8B0A19714F31BE53 /* ManagedExtensionScannerTests.swift */,
				8A3E9BBAF299A23315739624 /* PrivilegedAppRemovalServiceTests.swift */,
				56D360B15E5BCED8954B57FA /* SpaceLensRemovalControllerTests.swift */,
				9348CE7E3B33CBFBF768F0A4 /* SpaceLensScannerTests.swift */,
				B56AF899DFCED6D7A5C63D4F /* StartupItemControllerTests.swift */,
				2AB76871F9EF35D1AE92A487 /* TimeMachineSnapshotServiceTests.swift */,
				F52729DC7C65C6A3174A6739 /* TrashAppWatcherTests.swift */,
			);
			path = AppSiftTests;
			sourceTree = "<group>";
		};
		C5B8E23DF279CA11577B8A17 /* Apps */ = {
			isa = PBXGroup;
			children = (
				8BFCD51924F6A6FE840C8E37 /* AppFilesView.swift */,
				ACF3FEF1F63553053B045546 /* AppListView.swift */,
				64D658AFD0CC84DF2F6BD197 /* AppPermissionsView.swift */,
				5A905D3959A584CF5D4BA0EB /* AppUpdatesView.swift */,
				B8DE53601622C861DC080542 /* DefaultApplicationsView.swift */,
				1804441986DD0B48B90DF14E /* ExtensionsView.swift */,
				C90F83B629DA78E87D7CCDD6 /* InstallationFilesView.swift */,
				5877C76F7AEF17D85C7FEEBC /* StartupItemsView.swift */,
			);
			path = Apps;
			sourceTree = "<group>";
		};
		CBCC3D4B4EB89A5DC4312EE2 /* Components */ = {
			isa = PBXGroup;
			children = (
				68F3DFE0C8A005B6BEFA77F5 /* AppBundleDragHandle.swift */,
				95AEBB7C1C7EE6CDEF49584E /* AppearancePill.swift */,
				155D142E8ECE92A3C69D1E72 /* AppTheme.swift */,
				08CABD7E91EA7C99FBE66801 /* ConfettiView.swift */,
				352A87A509D57FB0144CE6FF /* DashboardCharts.swift */,
				E26537E2129E000CA692A224 /* EmptyStateView.swift */,
				64D79175FFAF343165A5F554 /* FDADemoView.swift */,
				D17D0C9C1AEE84A7067E639F /* MenuBarMonitorView.swift */,
				2F96BC959328497E27E3D88A /* PermissionSheet.swift */,
			);
			path = Components;
			sourceTree = "<group>";
		};
		E4888957112C5D982F069417 /* AppSift */ = {
			isa = PBXGroup;
			children = (
				0B29228BC0E3BC9B80A8752B /* AppSift.entitlements */,
				989315BFDDDAD9C9E201C40E /* AppSiftApp.swift */,
				1418E96BDF5A6B89F5B0B1E8 /* Assets.xcassets */,
				1AF2FD633D26D48DFDCABB62 /* Info.plist */,
				96315CFD85A7C651BEB32E9E /* Core */,
				2046302448E9AB809A83D730 /* Extensions */,
				7E5DE7BE8ED3898C1DA32674 /* Localizable.strings */,
				A1818ED0F93E75A6CC49AD5A /* Logic */,
				0D0B0A50884E9C283ECADA66 /* Models */,
				E9194412D5292879C6BD244B /* Services */,
				A499E38606057C6291937C59 /* ViewModels */,
				41458AEDF08BC5A4B88A501D /* Views */,
			);
			path = AppSift;
			sourceTree = "<group>";
		};
		E868A41F94CB440474D6BCC3 = {
			isa = PBXGroup;
			children = (
				E4888957112C5D982F069417 /* AppSift */,
				B8C7CC7E5091B496A54BFBF8 /* AppSiftTests */,
				A32922BC2419E2609401C438 /* Products */,
			);
			sourceTree = "<group>";
		};
		E9194412D5292879C6BD244B /* Services */ = {
			isa = PBXGroup;
			children = (
				BAFA6A469E1DC0BF89FF76B0 /* AppPermissionController.swift */,
				E9011AEA3D3EF7518F730B74 /* BrowserPrivacyCenter.swift */,
				5038DD16E48B7F9DD4D8E3AA /* CleaningEngine.swift */,
				A826ADECFFB533B9E78CA2E9 /* DefaultApplicationController.swift */,
				D757B65FC7B5A4E5BE4E5A5B /* DownloadSourceCenter.swift */,
				D9A577B6F90796EC5B6C8B35 /* DuplicateFileQuickLookController.swift */,
				11369CB53AB952F5EEEF454E /* DuplicateFileRemovalController.swift */,
				41C29D77C7BEC4766F71A822 /* FullDiskAccessManager.swift */,
				F37F6D4B7079C69EDD46A114 /* Haptics.swift */,
				B09FADA2D715A584AA73C73F /* InstallationFileController.swift */,
				2892A7AFD5110A86180A3100 /* IOSBackupCenter.swift */,
				4E510AA6C9C8D3623089EBA2 /* MacOSUpdateCenter.swift */,
				AD7CEB35BCFD702BD6AFB320 /* MenuBarController.swift */,
				61970EA88662406E28B1747D /* PermissionCoordinator.swift */,
				A2991173686FEF97C58B86EB /* PrivilegedAppRemovalService.swift */,
				441AA6201C44E16C2F1AD02C /* ReviewedTrashService.swift */,
				97BEF8D725BEC6F2049C2D2A /* ScanEngine.swift */,
				333D31D4BCBE21BE6166AAAB /* SchedulerService.swift */,
				1FC29D74866CBD52D1B0497E /* SimilarImageCenter.swift */,
				EE9E4C45E6A19D693667248A /* SpaceLensRemovalController.swift */,
				0F34EA292F44B66909DF568E /* SystemAlertCenter.swift */,
				4425C4AEA4E85A8576205D37 /* SystemHealthRecommendations.swift */,
				8B8190035C0FFFCB8CA01F28 /* SystemMaintenanceCenter.swift */,
				D871AD3A044CD83663CBE98A /* SystemMonitor.swift */,
				184A9D2D91F239E57A3D72B0 /* SystemResidueCenter.swift */,
				5592E068CCF3B91DD8D271D2 /* SystemTelemetry.swift */,
				F77E52B2DB075B7CB4F713C6 /* TimeMachineSnapshotService.swift */,
				CFB096E243C4C455E57257C1 /* TrashAppWatcher.swift */,
				EC32B196F0AA1EC8F37EB5E9 /* UpdateService.swift */,
			);
			path = Services;
			sourceTree = "<group>";
		};
		FB0308655CFC5BB8B96E49AB /* Settings */ = {
			isa = PBXGroup;
			children = (
				2C00D22BC460D81504A9DE1F /* SettingsView.swift */,
			);
			path = Settings;
			sourceTree = "<group>";
		};
/* End PBXGroup section */

/* Begin PBXNativeTarget section */
		13DF52A578E53E0FB1624C4A /* AppSiftTests */ = {
			isa = PBXNativeTarget;
			buildConfigurationList = AAC5041DCE36EAD604809CE3 /* Build configuration list for PBXNativeTarget "AppSiftTests" */;
			buildPhases = (
				EC7B22577588DFAA541131E5 /* Sources */,
			);
			buildRules = (
			);
			dependencies = (
				D411B2087D1FCD5A902A5088 /* PBXTargetDependency */,
			);
			name = AppSiftTests;
			packageProductDependencies = (
			);
			productName = AppSiftTests;
			productReference = 37565E55684D3CC6B71BA2A6 /* AppSiftTests.xctest */;
			productType = "com.apple.product-type.bundle.unit-test";
		};
		DCF6523D7F8B2CD07CBFE4FE /* AppSift */ = {
			isa = PBXNativeTarget;
			buildConfigurationList = 81851056780DEAA4D86D9B8F /* Build configuration list for PBXNativeTarget "AppSift" */;
			buildPhases = (
				7E645DFA666FFB6918EFEFBF /* Sources */,
				DB18FA724E32BACC68B25B73 /* Resources */,
				9169827585C1013F96412013 /* Frameworks */,
			);
			buildRules = (
			);
			dependencies = (
			);
			name = AppSift;
			packageProductDependencies = (
				577A2BECD52E7D1B1E8B2DB4 /* Sparkle */,
			);
			productName = AppSift;
			productReference = 789B46541D86E3F191EF8161 /* AppSift.app */;
			productType = "com.apple.product-type.application";
		};
/* End PBXNativeTarget section */

/* Begin PBXProject section */
		27C91C82C58CB61C28BAB60A /* Project object */ = {
			isa = PBXProject;
			attributes = {
				BuildIndependentTargetsInParallel = YES;
				LastUpgradeCheck = 1640;
				TargetAttributes = {
					13DF52A578E53E0FB1624C4A = {
						ProvisioningStyle = Manual;
					};
					DCF6523D7F8B2CD07CBFE4FE = {
						ProvisioningStyle = Manual;
					};
				};
			};
			buildConfigurationList = 5550EC14404A21E3897CBA45 /* Build configuration list for PBXProject "AppSift" */;
			developmentRegion = en;
			hasScannedForEncodings = 0;
			knownRegions = (
				Base,
				ar,
				en,
				es,
				ja,
				"pt-BR",
				"zh-Hans",
				"zh-Hant",
			);
			mainGroup = E868A41F94CB440474D6BCC3;
			minimizedProjectReferenceProxies = 1;
			packageReferences = (
				494CF1B8FFBEABF54BDBE78F /* XCRemoteSwiftPackageReference "Sparkle" */,
			);
			preferredProjectObjectVersion = 77;
			productRefGroup = A32922BC2419E2609401C438 /* Products */;
			projectDirPath = "";
			projectRoot = "";
			targets = (
				DCF6523D7F8B2CD07CBFE4FE /* AppSift */,
				13DF52A578E53E0FB1624C4A /* AppSiftTests */,
			);
		};
/* End PBXProject section */

/* Begin PBXResourcesBuildPhase section */
		DB18FA724E32BACC68B25B73 /* Resources */ = {
			isa = PBXResourcesBuildPhase;
			buildActionMask = 2147483647;
			files = (
				053990544C06C632E1E0174C /* Assets.xcassets in Resources */,
				619D9A028F43BD66E865CFF6 /* Localizable.strings in Resources */,
			);
			runOnlyForDeploymentPostprocessing = 0;
		};
/* End PBXResourcesBuildPhase section */

/* Begin PBXSourcesBuildPhase section */
		7E645DFA666FFB6918EFEFBF /* Sources */ = {
			isa = PBXSourcesBuildPhase;
			buildActionMask = 2147483647;
			files = (
				240AEAA4869F889CA9C55490 /* AppBundleDragHandle.swift in Sources */,
				79DF4F7064BA88DAE738706D /* AppConstants.swift in Sources */,
				4322BA856D2A878409BB50BD /* AppFilesView.swift in Sources */,
				0CD2FDCDB26FCBFCD593E280 /* AppInfoFetcher.swift in Sources */,
				7FA811E31B9277D1C860B6E9 /* AppLanguage.swift in Sources */,
				318FA6BB1F55FB89E8F4ACED /* AppListView.swift in Sources */,
				D189B4E5F2EA1E9DE8158D6D /* AppPathFinder.swift in Sources */,
				40E80DA4F66C7EBAED9DDBF1 /* AppPermissionController.swift in Sources */,
				41C6677FF58E77B7D1D94936 /* AppPermissionScanner.swift in Sources */,
				3D2EF2BCF0C370FA8E38A3B9 /* AppPermissionsView.swift in Sources */,
				67B8D9D730873A4D848AB783 /* AppRelationshipScanner.swift in Sources */,
				8B1C8A38900EAFBF2B05DB80 /* AppSiftApp.swift in Sources */,
				541777088401575995B5C914 /* AppState.swift in Sources */,
				A71F0CF83F63809DE0A5C3DA /* AppTheme.swift in Sources */,
				35F49EB741E931F268FE1D12 /* AppUpdateScanner.swift in Sources */,
				B249519DC984EAE025BE5881 /* AppUpdatesView.swift in Sources */,
				61863FFAA7CE12A9F86B778D /* AppUsageAnalyzer.swift in Sources */,
				D496AB98E65C2F3480C1AFAA /* AppearancePill.swift in Sources */,
				A6073651C1AB69A14DF9CAF6 /* BrowserPrivacyCenter.swift in Sources */,
				E041434AFD3F13B2F6854F7F /* BrowserPrivacyScanner.swift in Sources */,
				E6E8597098659B860CAB46D4 /* BrowserPrivacyView.swift in Sources */,
				58634761FE2284F590033E4F /* CLI.swift in Sources */,
				C9E809F7CF20AB311DA1C6DF /* CategoryDetailView.swift in Sources */,
				603B4DD2E40F6692D0CF5FD0 /* CleaningEngine.swift in Sources */,
				474E19A9F98813919F74F427 /* Conditions.swift in Sources */,
				9CA440ED1628A75C5390900B /* ConfettiView.swift in Sources */,
				0E898D5F71380EF98351A9B0 /* DashboardCharts.swift in Sources */,
				3A0BF17B7B8B62B8EAE8D74C /* DashboardView.swift in Sources */,
				519A2F55BF3F61A5DFCFB65F /* DefaultApplicationController.swift in Sources */,
				0366144F13DEBBFCC70B534B /* DefaultApplicationScanner.swift in Sources */,
				BD982D8694E734930BECCCD3 /* DefaultApplicationsView.swift in Sources */,
				F5FC1CE55872160F480C2901 /* DownloadSourceCenter.swift in Sources */,
				7B3509CD3D32EED884E3708A /* DownloadSourceScanner.swift in Sources */,
				789C9A33B1172443ABD15BF9 /* DownloadsBySourceView.swift in Sources */,
				96751C937ED32869AF52E5D4 /* DuplicateFile.swift in Sources */,
				13D56FF068CD1BC066A22484 /* DuplicateFileQuickLookController.swift in Sources */,
				8A2C1E7BF327801A4B8BD95F /* DuplicateFileRemovalController.swift in Sources */,
				41649DB5B203854C08C76A98 /* DuplicateFileScanner.swift in Sources */,
				B30C7370EB9672CAD482AD74 /* DuplicateFilesView.swift in Sources */,
				1826E0215D21C6B59EB90795 /* EmptyStateView.swift in Sources */,
				2461013A4598758B389B360A /* ExtensionsView.swift in Sources */,
				A915A61F383E8FA84DFCEB25 /* FDADemoView.swift in Sources */,
				4805E8451489347F61E09AF4 /* FullDiskAccessManager.swift in Sources */,
				7C6D7C75CD8DEA8EC4FD61DC /* Haptics.swift in Sources */,
				D239B6EC8340792CB9C798BE /* IOSBackupCenter.swift in Sources */,
				E5CD1F2FF5BF87616197015C /* IOSBackupScanner.swift in Sources */,
				D6B3E13083163A9776E5B16F /* IOSBackupsView.swift in Sources */,
				18AEE9AEE13AD123DF20EBC8 /* InstallationFileController.swift in Sources */,
				0F622438B52EF8983B0D9DFF /* InstallationFileScanner.swift in Sources */,
				35BCB10ACA4776B549596181 /* InstallationFilesView.swift in Sources */,
				359146FC3791DB735092061B /* Locations.swift in Sources */,
				540D3FC01A4FB42DB09A5599 /* Logger.swift in Sources */,
				C4BB0C3BD7C3435670E3382D /* MacOSUpdateCenter.swift in Sources */,
				F05C608C594DFC1F3C25F43E /* MainWindow.swift in Sources */,
				09E23929EDB6338877099EBD /* ManagedExtensionScanner.swift in Sources */,
				DEEA78F60925BC4168D36F1B /* MenuBarController.swift in Sources */,
				2D5943D9D1E3725C40A2498A /* MenuBarMonitorView.swift in Sources */,
				B9B9B7AB3084228CED07E4FC /* Models.swift in Sources */,
				4F9FC3E204642B9EC0D0ACF8 /* OnboardingView.swift in Sources */,
				3065C3E5FE82286D11621C31 /* OrphanListView.swift in Sources */,
				076DF8EBBFD0C68A851ED880 /* OrphanSafetyPolicy.swift in Sources */,
				0E525884D58104DA49872183 /* PermissionCoordinator.swift in Sources */,
				3F2831DF101B2D72C31DED6E /* PermissionSheet.swift in Sources */,
				FE40CD05009FFD3CB5668BB5 /* PkgReceiptInspector.swift in Sources */,
				5639C7199F639428D77048B1 /* PrivilegedAppRemovalService.swift in Sources */,
				751717E558DD0BBD2452EA99 /* ReviewedTrashService.swift in Sources */,
				E92C8DE7C85FE37E7E96B158 /* ScanEngine.swift in Sources */,
				53938A364CB0EF4980FE6327 /* ScanError.swift in Sources */,
				6AEBB20BEB9EF0558D730636 /* SchedulerService.swift in Sources */,
				43DB841A039A9CC605151BE8 /* SettingsView.swift in Sources */,
				7D25729B4A04AB9602B25711 /* SimilarImageCenter.swift in Sources */,
				2B5DFFAD17F48D026521C261 /* SimilarImageScanner.swift in Sources */,
				863A215B00C80F8BA1C7CDF8 /* SimilarImagesView.swift in Sources */,
				2259E879FF518A98A5EE035D /* SpaceLens.swift in Sources */,
				E1A82E7A8EFB3C7F3B3E14FE /* SpaceLensRemovalController.swift in Sources */,
				2CA1A17872251FDEB2B5F871 /* SpaceLensScanner.swift in Sources */,
				719056BA52E68E622B4C69C3 /* SpaceLensTreemapLayout.swift in Sources */,
				CE6A853A3AD777E99BFD538C /* SpaceLensView.swift in Sources */,
				210B6FA1C89F3ABDA1FDF0E9 /* StartupItemController.swift in Sources */,
				5125A309B64FCB59DF89D1B2 /* StartupItemScanner.swift in Sources */,
				53E8829558F43C68B421B799 /* StartupItemsView.swift in Sources */,
				7935DFC25A4059F6AF2506AA /* StringNormalization.swift in Sources */,
				B4C04C93B3FF3A7C026BC438 /* SystemAlertCenter.swift in Sources */,
				6FAF5FFBD6D250260E987D70 /* SystemHealthRecommendations.swift in Sources */,
				F965AC56D41E69DA63788CBC /* SystemHealthView.swift in Sources */,
				C01BE092E847BC6A6BC3CD23 /* SystemMaintenanceCenter.swift in Sources */,
				17C97B706F8E87CDCEE9A62C /* SystemMaintenanceView.swift in Sources */,
				049FCE54D6B083509F796633 /* SystemMonitor.swift in Sources */,
				C6341A17D21A2FBA0003ADAC /* SystemResidueCenter.swift in Sources */,
				201895E0E025EE32AB185BDB /* SystemResidueScanner.swift in Sources */,
				3549B39626933FFD9B8474BD /* SystemResidueView.swift in Sources */,
				29CF70352866E1F3B052072B /* SystemTelemetry.swift in Sources */,
				7EC586AC9D7EC06E08983985 /* Theme.swift in Sources */,
				53D63B98A6ADD39AE3E44242 /* TimeMachineSnapshot.swift in Sources */,
				27C0D89B4B85B3D612DB80E1 /* TimeMachineSnapshotService.swift in Sources */,
				72713127501AAC7677C4F6A7 /* TimeMachineSnapshotsView.swift in Sources */,
				3AF69EE122BCACE7263E95C4 /* TrashAppWatcher.swift in Sources */,
				2C9803F27103539135945591 /* UpdateService.swift in Sources */,
			);
			runOnlyForDeploymentPostprocessing = 0;
		};
		EC7B22577588DFAA541131E5 /* Sources */ = {
			isa = PBXSourcesBuildPhase;
			buildActionMask = 2147483647;
			files = (
				7C278EF16364F8DC729B214B /* AppLanguagePreferencesTests.swift in Sources */,
				0F6927BA90E2B38C253A5B65 /* AppPermissionControllerTests.swift in Sources */,
				D8DED02AD6FBED7BE2F97B5C /* AppPermissionScannerTests.swift in Sources */,
				525E9A3CCB4BF6728C7671CE /* AppRelationshipScannerTests.swift in Sources */,
				AD6E1872C828DB16737FB78B /* AppStateTests.swift in Sources */,
				23FD4BD50228A2CEDD7BF19D /* AppUsageAnalyzerTests.swift in Sources */,
				8639565FEA90C57920387895 /* DefaultApplicationControllerTests.swift in Sources */,
				0C61E34A483F289529D7389B /* DefaultApplicationScannerTests.swift in Sources */,
				186AAA2680A4A656A38AF883 /* DuplicateFileRemovalControllerTests.swift in Sources */,
				236400CC149E89786BD88E16 /* DuplicateFileScannerTests.swift in Sources */,
				8BD7AC937843770CF30A787D /* GapFeatureLogicTests.swift in Sources */,
				161AE4A0110339CA0B4F6796 /* InstallationFileControllerTests.swift in Sources */,
				FACE983E9B73903B1AB727E0 /* InstallationFileScannerTests.swift in Sources */,
				39E0F3C7C8E0E80BB9E057AA /* LocalizationFilesTests.swift in Sources */,
				CBDDAA31234280FC6E7490A9 /* ManagedExtensionScannerTests.swift in Sources */,
				E82F3B311A45BD1B2AA191AC /* PrivilegedAppRemovalServiceTests.swift in Sources */,
				6F6878D160010DB2A3B776B8 /* SpaceLensRemovalControllerTests.swift in Sources */,
				6098F3B08CDD9366ADB2FC88 /* SpaceLensScannerTests.swift in Sources */,
				5970A42DAAC1C7F2C5D75155 /* StartupItemControllerTests.swift in Sources */,
				75E4B5EEBD21DFB7BCDE0523 /* TimeMachineSnapshotServiceTests.swift in Sources */,
				CF775571E5211CF33D791943 /* TrashAppWatcherTests.swift in Sources */,
			);
			runOnlyForDeploymentPostprocessing = 0;
		};
/* End PBXSourcesBuildPhase section */

/* Begin PBXTargetDependency section */
		D411B2087D1FCD5A902A5088 /* PBXTargetDependency */ = {
			isa = PBXTargetDependency;
			target = DCF6523D7F8B2CD07CBFE4FE /* AppSift */;
			targetProxy = DA9658CA0A6F5D1C4CAB12A3 /* PBXContainerItemProxy */;
		};
/* End PBXTargetDependency section */

/* Begin PBXVariantGroup section */
		7E5DE7BE8ED3898C1DA32674 /* Localizable.strings */ = {
			isa = PBXVariantGroup;
			children = (
				3F70F9C72B8C4B6FC4E05323 /* ar */,
				790775C7E93A1F2FC9320FD0 /* en */,
				A218E81563EC8F42E333E6BF /* es */,
				3A784944BCB4234A13C8EB78 /* ja */,
				C6121E109E99C52794A5D661 /* pt-BR */,
				04D723CDFEFEB9E07711890D /* zh-Hans */,
				3C4AB374A44FFEF88AFC619B /* zh-Hant */,
			);
			name = Localizable.strings;
			sourceTree = "<group>";
		};
/* End PBXVariantGroup section */

/* Begin XCBuildConfiguration section */
		144BE4E6E6D83446924AAC46 /* Debug */ = {
			isa = XCBuildConfiguration;
			buildSettings = {
				BUNDLE_LOADER = "$(TEST_HOST)";
				CODE_SIGNING_ALLOWED = NO;
				CODE_SIGNING_REQUIRED = NO;
				COMBINE_HIDPI_IMAGES = YES;
				LD_RUNPATH_SEARCH_PATHS = (
					"$(inherited)",
					"@executable_path/../Frameworks",
					"@loader_path/../Frameworks",
				);
				SDKROOT = macosx;
				TEST_HOST = "$(BUILT_PRODUCTS_DIR)/AppSift.app/Contents/MacOS/AppSift";
			};
			name = Debug;
		};
		4AE557757034197745B8486C /* Release */ = {
			isa = XCBuildConfiguration;
			buildSettings = {
				BUNDLE_LOADER = "$(TEST_HOST)";
				CODE_SIGNING_ALLOWED = NO;
				CODE_SIGNING_REQUIRED = NO;
				COMBINE_HIDPI_IMAGES = YES;
				LD_RUNPATH_SEARCH_PATHS = (
					"$(inherited)",
					"@executable_path/../Frameworks",
					"@loader_path/../Frameworks",
				);
				SDKROOT = macosx;
				TEST_HOST = "$(BUILT_PRODUCTS_DIR)/AppSift.app/Contents/MacOS/AppSift";
			};
			name = Release;
		};
		673412B262609970E3216F7D /* Debug */ = {
			isa = XCBuildConfiguration;
			buildSettings = {
				ASSETCATALOG_COMPILER_APPICON_NAME = AppIcon;
				COMBINE_HIDPI_IMAGES = YES;
				INFOPLIST_FILE = AppSift/Info.plist;
				LD_RUNPATH_SEARCH_PATHS = "$(inherited) @executable_path/../Frameworks";
				PRODUCT_NAME = AppSift;
				SDKROOT = macosx;
				SWIFT_EMIT_LOC_STRINGS = YES;
			};
			name = Debug;
		};
		F52E3E5B0AC399DDAA40FC5D /* Release */ = {
			isa = XCBuildConfiguration;
			buildSettings = {
				ALWAYS_SEARCH_USER_PATHS = NO;
				ARCHS = "arm64 x86_64";
				ASSETCATALOG_COMPILER_APPICON_NAME = AppIcon;
				CLANG_ANALYZER_NONNULL = YES;
				CLANG_ANALYZER_NUMBER_OBJECT_CONVERSION = YES_AGGRESSIVE;
				CLANG_CXX_LANGUAGE_STANDARD = "gnu++14";
				CLANG_CXX_LIBRARY = "libc++";
				CLANG_ENABLE_MODULES = YES;
				CLANG_ENABLE_OBJC_ARC = YES;
				CLANG_ENABLE_OBJC_WEAK = YES;
				CLANG_WARN_BLOCK_CAPTURE_AUTORELEASING = YES;
				CLANG_WARN_BOOL_CONVERSION = YES;
				CLANG_WARN_COMMA = YES;
				CLANG_WARN_CONSTANT_CONVERSION = YES;
				CLANG_WARN_DEPRECATED_OBJC_IMPLEMENTATIONS = YES;
				CLANG_WARN_DIRECT_OBJC_ISA_USAGE = YES_ERROR;
				CLANG_WARN_DOCUMENTATION_COMMENTS = YES;
				CLANG_WARN_EMPTY_BODY = YES;
				CLANG_WARN_ENUM_CONVERSION = YES;
				CLANG_WARN_INFINITE_RECURSION = YES;
				CLANG_WARN_INT_CONVERSION = YES;
				CLANG_WARN_NON_LITERAL_NULL_CONVERSION = YES;
				CLANG_WARN_OBJC_IMPLICIT_RETAIN_SELF = YES;
				CLANG_WARN_OBJC_LITERAL_CONVERSION = YES;
				CLANG_WARN_OBJC_ROOT_CLASS = YES_ERROR;
				CLANG_WARN_QUOTED_INCLUDE_IN_FRAMEWORK_HEADER = YES;
				CLANG_WARN_RANGE_LOOP_ANALYSIS = YES;
				CLANG_WARN_STRICT_PROTOTYPES = YES;
				CLANG_WARN_SUSPICIOUS_MOVE = YES;
				CLANG_WARN_UNGUARDED_AVAILABILITY = YES_AGGRESSIVE;
				CLANG_WARN_UNREACHABLE_CODE = YES;
				CLANG_WARN__DUPLICATE_METHOD_MATCH = YES;
				CODE_SIGN_ENTITLEMENTS = AppSift/AppSift.entitlements;
				CODE_SIGN_IDENTITY = "AppSift Local Code Signing";
				CODE_SIGN_STYLE = Manual;
				COMBINE_HIDPI_IMAGES = YES;
				COPY_PHASE_STRIP = NO;
				CURRENT_PROJECT_VERSION = 6;
				DEBUG_INFORMATION_FORMAT = "dwarf-with-dsym";
				ENABLE_NS_ASSERTIONS = NO;
				ENABLE_STRICT_OBJC_MSGSEND = YES;
				GCC_C_LANGUAGE_STANDARD = gnu11;
				GCC_NO_COMMON_BLOCKS = YES;
				GCC_WARN_64_TO_32_BIT_CONVERSION = YES;
				GCC_WARN_ABOUT_RETURN_TYPE = YES_ERROR;
				GCC_WARN_UNDECLARED_SELECTOR = YES;
				GCC_WARN_UNINITIALIZED_AUTOS = YES_AGGRESSIVE;
				GCC_WARN_UNUSED_FUNCTION = YES;
				GCC_WARN_UNUSED_VARIABLE = YES;
				GENERATE_INFOPLIST_FILE = NO;
				INFOPLIST_FILE = AppSift/Info.plist;
				MACOSX_DEPLOYMENT_TARGET = 13.0;
				MARKETING_VERSION = 1.0.5;
				MTL_ENABLE_DEBUG_INFO = NO;
				MTL_FAST_MATH = YES;
				ONLY_ACTIVE_ARCH = NO;
				PRODUCT_BUNDLE_IDENTIFIER = com.gravitypoet.appsift;
				PRODUCT_NAME = "$(TARGET_NAME)";
				SDKROOT = macosx;
				SWIFT_COMPILATION_MODE = wholemodule;
				SWIFT_OPTIMIZATION_LEVEL = "-O";
				SWIFT_VERSION = 5.9;
			};
			name = Release;
		};
		F5A75CFA8A1B9068F29857B3 /* Debug */ = {
			isa = XCBuildConfiguration;
			buildSettings = {
				ALWAYS_SEARCH_USER_PATHS = NO;
				ARCHS = "arm64 x86_64";
				ASSETCATALOG_COMPILER_APPICON_NAME = AppIcon;
				CLANG_ANALYZER_NONNULL = YES;
				CLANG_ANALYZER_NUMBER_OBJECT_CONVERSION = YES_AGGRESSIVE;
				CLANG_CXX_LANGUAGE_STANDARD = "gnu++14";
				CLANG_CXX_LIBRARY = "libc++";
				CLANG_ENABLE_MODULES = YES;
				CLANG_ENABLE_OBJC_ARC = YES;
				CLANG_ENABLE_OBJC_WEAK = YES;
				CLANG_WARN_BLOCK_CAPTURE_AUTORELEASING = YES;
				CLANG_WARN_BOOL_CONVERSION = YES;
				CLANG_WARN_COMMA = YES;
				CLANG_WARN_CONSTANT_CONVERSION = YES;
				CLANG_WARN_DEPRECATED_OBJC_IMPLEMENTATIONS = YES;
				CLANG_WARN_DIRECT_OBJC_ISA_USAGE = YES_ERROR;
				CLANG_WARN_DOCUMENTATION_COMMENTS = YES;
				CLANG_WARN_EMPTY_BODY = YES;
				CLANG_WARN_ENUM_CONVERSION = YES;
				CLANG_WARN_INFINITE_RECURSION = YES;
				CLANG_WARN_INT_CONVERSION = YES;
				CLANG_WARN_NON_LITERAL_NULL_CONVERSION = YES;
				CLANG_WARN_OBJC_IMPLICIT_RETAIN_SELF = YES;
				CLANG_WARN_OBJC_LITERAL_CONVERSION = YES;
				CLANG_WARN_OBJC_ROOT_CLASS = YES_ERROR;
				CLANG_WARN_QUOTED_INCLUDE_IN_FRAMEWORK_HEADER = YES;
				CLANG_WARN_RANGE_LOOP_ANALYSIS = YES;
				CLANG_WARN_STRICT_PROTOTYPES = YES;
				CLANG_WARN_SUSPICIOUS_MOVE = YES;
				CLANG_WARN_UNGUARDED_AVAILABILITY = YES_AGGRESSIVE;
				CLANG_WARN_UNREACHABLE_CODE = YES;
				CLANG_WARN__DUPLICATE_METHOD_MATCH = YES;
				CODE_SIGN_ENTITLEMENTS = AppSift/AppSift.entitlements;
				CODE_SIGN_IDENTITY = "AppSift Local Code Signing";
				CODE_SIGN_STYLE = Manual;
				COMBINE_HIDPI_IMAGES = YES;
				COPY_PHASE_STRIP = NO;
				CURRENT_PROJECT_VERSION = 6;
				DEBUG_INFORMATION_FORMAT = dwarf;
				ENABLE_STRICT_OBJC_MSGSEND = YES;
				ENABLE_TESTABILITY = YES;
				GCC_C_LANGUAGE_STANDARD = gnu11;
				GCC_DYNAMIC_NO_PIC = NO;
				GCC_NO_COMMON_BLOCKS = YES;
				GCC_OPTIMIZATION_LEVEL = 0;
				GCC_PREPROCESSOR_DEFINITIONS = (
					"$(inherited)",
					"DEBUG=1",
				);
				GCC_WARN_64_TO_32_BIT_CONVERSION = YES;
				GCC_WARN_ABOUT_RETURN_TYPE = YES_ERROR;
				GCC_WARN_UNDECLARED_SELECTOR = YES;
				GCC_WARN_UNINITIALIZED_AUTOS = YES_AGGRESSIVE;
				GCC_WARN_UNUSED_FUNCTION = YES;
				GCC_WARN_UNUSED_VARIABLE = YES;
				GENERATE_INFOPLIST_FILE = NO;
				INFOPLIST_FILE = AppSift/Info.plist;
				MACOSX_DEPLOYMENT_TARGET = 13.0;
				MARKETING_VERSION = 1.0.5;
				MTL_ENABLE_DEBUG_INFO = INCLUDE_SOURCE;
				MTL_FAST_MATH = YES;
				ONLY_ACTIVE_ARCH = NO;
				PRODUCT_BUNDLE_IDENTIFIER = com.gravitypoet.appsift;
				PRODUCT_NAME = "$(TARGET_NAME)";
				SDKROOT = macosx;
				SWIFT_ACTIVE_COMPILATION_CONDITIONS = DEBUG;
				SWIFT_OPTIMIZATION_LEVEL = "-Onone";
				SWIFT_VERSION = 5.9;
			};
			name = Debug;
		};
		F9D80C94C60679790F39AE7B /* Release */ = {
			isa = XCBuildConfiguration;
			buildSettings = {
				ASSETCATALOG_COMPILER_APPICON_NAME = AppIcon;
				COMBINE_HIDPI_IMAGES = YES;
				INFOPLIST_FILE = AppSift/Info.plist;
				LD_RUNPATH_SEARCH_PATHS = "$(inherited) @executable_path/../Frameworks";
				PRODUCT_NAME = AppSift;
				SDKROOT = macosx;
				SWIFT_EMIT_LOC_STRINGS = YES;
			};
			name = Release;
		};
/* End XCBuildConfiguration section */

/* Begin XCConfigurationList section */
		5550EC14404A21E3897CBA45 /* Build configuration list for PBXProject "AppSift" */ = {
			isa = XCConfigurationList;
			buildConfigurations = (
				F5A75CFA8A1B9068F29857B3 /* Debug */,
				F52E3E5B0AC399DDAA40FC5D /* Release */,
			);
			defaultConfigurationIsVisible = 0;
			defaultConfigurationName = Release;
		};
		81851056780DEAA4D86D9B8F /* Build configuration list for PBXNativeTarget "AppSift" */ = {
			isa = XCConfigurationList;
			buildConfigurations = (
				673412B262609970E3216F7D /* Debug */,
				F9D80C94C60679790F39AE7B /* Release */,
			);
			defaultConfigurationIsVisible = 0;
			defaultConfigurationName = Release;
		};
		AAC5041DCE36EAD604809CE3 /* Build configuration list for PBXNativeTarget "AppSiftTests" */ = {
			isa = XCConfigurationList;
			buildConfigurations = (
				144BE4E6E6D83446924AAC46 /* Debug */,
				4AE557757034197745B8486C /* Release */,
			);
			defaultConfigurationIsVisible = 0;
			defaultConfigurationName = Release;
		};
/* End XCConfigurationList section */

/* Begin XCRemoteSwiftPackageReference section */
		494CF1B8FFBEABF54BDBE78F /* XCRemoteSwiftPackageReference "Sparkle" */ = {
			isa = XCRemoteSwiftPackageReference;
			repositoryURL = "https://github.com/sparkle-project/Sparkle";
			requirement = {
				kind = upToNextMajorVersion;
				minimumVersion = 2.0.0;
			};
		};
/* End XCRemoteSwiftPackageReference section */

/* Begin XCSwiftPackageProductDependency section */
		577A2BECD52E7D1B1E8B2DB4 /* Sparkle */ = {
			isa = XCSwiftPackageProductDependency;
			package = 494CF1B8FFBEABF54BDBE78F /* XCRemoteSwiftPackageReference "Sparkle" */;
			productName = Sparkle;
		};
/* End XCSwiftPackageProductDependency section */
	};
	rootObject = 27C91C82C58CB61C28BAB60A /* Project object */;
}
